// !$*UTF8*$!
{
	archiveVersion = 1;
	classes = {
	};
	objectVersion = 50;
	objects = {

/* Begin PBXBuildFile section */
		3F52230FBC420E2365273DB3 /* Pods_PenitipanHewanApp.framework in Frameworks */ = {isa = PBXBuildFile; fileRef = 34BA874D0A96E0D9D0668BF7 /* Pods_PenitipanHewanApp.framework */; };
		3FF6AA4124D00BD70008AD79 /* AppDelegate.swift in Sources */ = {isa = PBXBuildFile; fileRef = 3FF6AA4024D00BD70008AD79 /* AppDelegate.swift */; };
		3FF6AA4524D00BD70008AD79 /* LoginViewController.swift in Sources */ = {isa = PBXBuildFile; fileRef = 3FF6AA4424D00BD70008AD79 /* LoginViewController.swift */; };
		3FF6AA4824D00BD70008AD79 /* Main.storyboard in Resources */ = {isa = PBXBuildFile; fileRef = 3FF6AA4624D00BD70008AD79 /* Main.storyboard */; };
		3FF6AA4B24D00BD70008AD79 /* PenitipanHewanApp.xcdatamodeld in Sources */ = {isa = PBXBuildFile; fileRef = 3FF6AA4924D00BD70008AD79 /* PenitipanHewanApp.xcdatamodeld */; };
		3FF6AA4D24D00BD80008AD79 /* Assets.xcassets in Resources */ = {isa = PBXBuildFile; fileRef = 3FF6AA4C24D00BD80008AD79 /* Assets.xcassets */; };
		3FF6AA5024D00BD80008AD79 /* LaunchScreen.storyboard in Resources */ = {isa = PBXBuildFile; fileRef = 3FF6AA4E24D00BD80008AD79 /* LaunchScreen.storyboard */; };
		3FF6AA5B24D00BD80008AD79 /* PenitipanHewanAppTests.swift in Sources */ = {isa = PBXBuildFile; fileRef = 3FF6AA5A24D00BD80008AD79 /* PenitipanHewanAppTests.swift */; };
		3FF6AA6B24D011670008AD79 /* Login.swift in Sources */ = {isa = PBXBuildFile; fileRef = 3FF6AA6A24D011670008AD79 /* Login.swift */; };
		3FF6AA7E24D079670008AD79 /* customTabbar.swift in Sources */ = {isa = PBXBuildFile; fileRef = 3FF6AA7D24D079670008AD79 /* customTabbar.swift */; };
		3FF6AA8224D080850008AD79 /* UserTabBarController.swift in Sources */ = {isa = PBXBuildFile; fileRef = 3FF6AA8124D080850008AD79 /* UserTabBarController.swift */; };
		3FF6AA8424D080930008AD79 /* PetShopTabBarController.swift in Sources */ = {isa = PBXBuildFile; fileRef = 3FF6AA8324D080930008AD79 /* PetShopTabBarController.swift */; };
		DA76FE0B11F627C51FF9B62F /* Pods_PenitipanHewanAppTests.framework in Frameworks */ = {isa = PBXBuildFile; fileRef = 25DE6840A8B17E7781188B84 /* Pods_PenitipanHewanAppTests.framework */; };
/* End PBXBuildFile section */

/* Begin PBXContainerItemProxy section */
		3FF6AA5724D00BD80008AD79 /* PBXContainerItemProxy */ = {
			isa = PBXContainerItemProxy;
			containerPortal = 3FF6AA3524D00BD70008AD79 /* Project object */;
			proxyType = 1;
			remoteGlobalIDString = 3FF6AA3C24D00BD70008AD79;
			remoteInfo = PenitipanHewanApp;
		};
/* End PBXContainerItemProxy section */

/* Begin PBXFileReference section */
		0FAFD91A46ED4DE53D48881C /* Pods-PenitipanHewanAppTests.release.xcconfig */ = {isa = PBXFileReference; includeInIndex = 1; lastKnownFileType = text.xcconfig; name = "Pods-PenitipanHewanAppTests.release.xcconfig"; path = "Target Support Files/Pods-PenitipanHewanAppTests/Pods-PenitipanHewanAppTests.release.xcconfig"; sourceTree = "<group>"; };
		0FE13BF54738933F0108DCD3 /* Pods-PenitipanHewanAppTests.debug.xcconfig */ = {isa = PBXFileReference; includeInIndex = 1; lastKnownFileType = text.xcconfig; name = "Pods-PenitipanHewanAppTests.debug.xcconfig"; path = "Target Support Files/Pods-PenitipanHewanAppTests/Pods-PenitipanHewanAppTests.debug.xcconfig"; sourceTree = "<group>"; };
		25DE6840A8B17E7781188B84 /* Pods_PenitipanHewanAppTests.framework */ = {isa = PBXFileReference; explicitFileType = wrapper.framework; includeInIndex = 0; path = Pods_PenitipanHewanAppTests.framework; sourceTree = BUILT_PRODUCTS_DIR; };
		34BA874D0A96E0D9D0668BF7 /* Pods_PenitipanHewanApp.framework */ = {isa = PBXFileReference; explicitFileType = wrapper.framework; includeInIndex = 0; path = Pods_PenitipanHewanApp.framework; sourceTree = BUILT_PRODUCTS_DIR; };
		3FF6AA3D24D00BD70008AD79 /* PenitipanHewanApp.app */ = {isa = PBXFileReference; explicitFileType = wrapper.application; includeInIndex = 0; path = PenitipanHewanApp.app; sourceTree = BUILT_PRODUCTS_DIR; };
		3FF6AA4024D00BD70008AD79 /* AppDelegate.swift */ = {isa = PBXFileReference; lastKnownFileType = sourcecode.swift; path = AppDelegate.swift; sourceTree = "<group>"; };
		3FF6AA4424D00BD70008AD79 /* LoginViewController.swift */ = {isa = PBXFileReference; lastKnownFileType = sourcecode.swift; path = LoginViewController.swift; sourceTree = "<group>"; };
		3FF6AA4724D00BD70008AD79 /* Base */ = {isa = PBXFileReference; lastKnownFileType = file.storyboard; name = Base; path = Base.lproj/Main.storyboard; sourceTree = "<group>"; };
		3FF6AA4A24D00BD70008AD79 /* PenitipanHewanApp.xcdatamodel */ = {isa = PBXFileReference; lastKnownFileType = wrapper.xcdatamodel; path = PenitipanHewanApp.xcdatamodel; sourceTree = "<group>"; };
		3FF6AA4C24D00BD80008AD79 /* Assets.xcassets */ = {isa = PBXFileReference; lastKnownFileType = folder.assetcatalog; path = Assets.xcassets; sourceTree = "<group>"; };
		3FF6AA4F24D00BD80008AD79 /* Base */ = {isa = PBXFileReference; lastKnownFileType = file.storyboard; name = Base; path = Base.lproj/LaunchScreen.storyboard; sourceTree = "<group>"; };
		3FF6AA5124D00BD80008AD79 /* Info.plist */ = {isa = PBXFileReference; lastKnownFileType = text.plist.xml; path = Info.plist; sourceTree = "<group>"; };
		3FF6AA5624D00BD80008AD79 /* PenitipanHewanAppTests.xctest */ = {isa = PBXFileReference; explicitFileType = wrapper.cfbundle; includeInIndex = 0; path = PenitipanHewanAppTests.xctest; sourceTree = BUILT_PRODUCTS_DIR; };
		3FF6AA5A24D00BD80008AD79 /* PenitipanHewanAppTests.swift */ = {isa = PBXFileReference; lastKnownFileType = sourcecode.swift; path = PenitipanHewanAppTests.swift; sourceTree = "<group>"; };
		3FF6AA5C24D00BD80008AD79 /* Info.plist */ = {isa = PBXFileReference; lastKnownFileType = text.plist.xml; path = Info.plist; sourceTree = "<group>"; };
		3FF6AA6A24D011670008AD79 /* Login.swift */ = {isa = PBXFileReference; lastKnownFileType = sourcecode.swift; path = Login.swift; sourceTree = "<group>"; };
		3FF6AA7D24D079670008AD79 /* customTabbar.swift */ = {isa = PBXFileReference; lastKnownFileType = sourcecode.swift; path = customTabbar.swift; sourceTree = "<group>"; };
		3FF6AA8124D080850008AD79 /* UserTabBarController.swift */ = {isa = PBXFileReference; lastKnownFileType = sourcecode.swift; path = UserTabBarController.swift; sourceTree = "<group>"; };
		3FF6AA8324D080930008AD79 /* PetShopTabBarController.swift */ = {isa = PBXFileReference; lastKnownFileType = sourcecode.swift; path = PetShopTabBarController.swift; sourceTree = "<group>"; };
		9506A5306CAF0B630199740C /* Pods-PenitipanHewanApp.debug.xcconfig */ = {isa = PBXFileReference; includeInIndex = 1; lastKnownFileType = text.xcconfig; name = "Pods-PenitipanHewanApp.debug.xcconfig"; path = "Target Support Files/Pods-PenitipanHewanApp/Pods-PenitipanHewanApp.debug.xcconfig"; sourceTree = "<group>"; };
		DB02699FD688993011BA389C /* Pods-PenitipanHewanApp.release.xcconfig */ = {isa = PBXFileReference; includeInIndex = 1; lastKnownFileType = text.xcconfig; name = "Pods-PenitipanHewanApp.release.xcconfig"; path = "Target Support Files/Pods-PenitipanHewanApp/Pods-PenitipanHewanApp.release.xcconfig"; sourceTree = "<group>"; };
/* End PBXFileReference section */

/* Begin PBXFrameworksBuildPhase section */
		3FF6AA3A24D00BD70008AD79 /* Frameworks */ = {
			isa = PBXFrameworksBuildPhase;
			buildActionMask = 2147483647;
			files = (
				3F52230FBC420E2365273DB3 /* Pods_PenitipanHewanApp.framework in Frameworks */,
			);
			runOnlyForDeploymentPostprocessing = 0;
		};
		3FF6AA5324D00BD80008AD79 /* Frameworks */ = {
			isa = PBXFrameworksBuildPhase;
			buildActionMask = 2147483647;
			files = (
				DA76FE0B11F627C51FF9B62F /* Pods_PenitipanHewanAppTests.framework in Frameworks */,
			);
			runOnlyForDeploymentPostprocessing = 0;
		};
/* End PBXFrameworksBuildPhase section */

/* Begin PBXGroup section */
		3FF6AA3424D00BD70008AD79 = {
			isa = PBXGroup;
			children = (
				3FF6AA3F24D00BD70008AD79 /* PenitipanHewanApp */,
				3FF6AA5924D00BD80008AD79 /* PenitipanHewanAppTests */,
				3FF6AA3E24D00BD70008AD79 /* Products */,
				843C7E3A1C08FD33F4E4BC3B /* Pods */,
				9F6740C39022D44CC5630E79 /* Frameworks */,
			);
			sourceTree = "<group>";
		};
		3FF6AA3E24D00BD70008AD79 /* Products */ = {
			isa = PBXGroup;
			children = (
				3FF6AA3D24D00BD70008AD79 /* PenitipanHewanApp.app */,
				3FF6AA5624D00BD80008AD79 /* PenitipanHewanAppTests.xctest */,
			);
			name = Products;
			sourceTree = "<group>";
		};
		3FF6AA3F24D00BD70008AD79 /* PenitipanHewanApp */ = {
			isa = PBXGroup;
			children = (
				3FF6AA6924D00F540008AD79 /* Helper */,
				3FF6AA6524D00CF20008AD79 /* Login */,
				3FF6AA6D24D072C90008AD79 /* User */,
				3FF6AA6C24D072C20008AD79 /* Petshop */,
				3FF6AA4024D00BD70008AD79 /* AppDelegate.swift */,
				3FF6AA4C24D00BD80008AD79 /* Assets.xcassets */,
				3FF6AA4E24D00BD80008AD79 /* LaunchScreen.storyboard */,
				3FF6AA5124D00BD80008AD79 /* Info.plist */,
				3FF6AA4924D00BD70008AD79 /* PenitipanHewanApp.xcdatamodeld */,
			);
			path = PenitipanHewanApp;
			sourceTree = "<group>";
		};
		3FF6AA5924D00BD80008AD79 /* PenitipanHewanAppTests */ = {
			isa = PBXGroup;
			children = (
				3FF6AA5A24D00BD80008AD79 /* PenitipanHewanAppTests.swift */,
				3FF6AA5C24D00BD80008AD79 /* Info.plist */,
			);
			path = PenitipanHewanAppTests;
			sourceTree = "<group>";
		};
		3FF6AA6524D00CF20008AD79 /* Login */ = {
			isa = PBXGroup;
			children = (
				3FF6AA6824D00D010008AD79 /* Controller */,
				3FF6AA6724D00CFD0008AD79 /* View */,
				3FF6AA6624D00CF80008AD79 /* Model */,
			);
			path = Login;
			sourceTree = "<group>";
		};
		3FF6AA6624D00CF80008AD79 /* Model */ = {
			isa = PBXGroup;
			children = (
				3FF6AA6A24D011670008AD79 /* Login.swift */,
			);
			path = Model;
			sourceTree = "<group>";
		};
		3FF6AA6724D00CFD0008AD79 /* View */ = {
			isa = PBXGroup;
			children = (
				3FF6AA4624D00BD70008AD79 /* Main.storyboard */,
			);
			path = View;
			sourceTree = "<group>";
		};
		3FF6AA6824D00D010008AD79 /* Controller */ = {
			isa = PBXGroup;
			children = (
				3FF6AA4424D00BD70008AD79 /* LoginViewController.swift */,
			);
			path = Controller;
			sourceTree = "<group>";
		};
		3FF6AA6924D00F540008AD79 /* Helper */ = {
			isa = PBXGroup;
			children = (
				3FF6AA7D24D079670008AD79 /* customTabbar.swift */,
			);
			path = Helper;
			sourceTree = "<group>";
		};
		3FF6AA6C24D072C20008AD79 /* Petshop */ = {
			isa = PBXGroup;
			children = (
				3FF6AA8324D080930008AD79 /* PetShopTabBarController.swift */,
				3FF6AA7824D074860008AD79 /* Shop */,
				3FF6AA7724D074830008AD79 /* Monitoring */,
				3FF6AA7624D074800008AD79 /* Chat */,
				3FF6AA7524D0747E0008AD79 /* Profile */,
			);
			path = Petshop;
			sourceTree = "<group>";
		};
		3FF6AA6D24D072C90008AD79 /* User */ = {
			isa = PBXGroup;
			children = (
				3FF6AA8124D080850008AD79 /* UserTabBarController.swift */,
				3FF6AA7424D074500008AD79 /* Home */,
				3FF6AA7324D0744D0008AD79 /* Pet */,
				3FF6AA7224D0744A0008AD79 /* Chat */,
				3FF6AA7124D074460008AD79 /* Profile */,
			);
			path = User;
			sourceTree = "<group>";
		};
		3FF6AA7124D074460008AD79 /* Profile */ = {
			isa = PBXGroup;
			children = (
			);
			path = Profile;
			sourceTree = "<group>";
		};
		3FF6AA7224D0744A0008AD79 /* Chat */ = {
			isa = PBXGroup;
			children = (
			);
			path = Chat;
			sourceTree = "<group>";
		};
		3FF6AA7324D0744D0008AD79 /* Pet */ = {
			isa = PBXGroup;
			children = (
			);
			path = Pet;
			sourceTree = "<group>";
		};
		3FF6AA7424D074500008AD79 /* Home */ = {
			isa = PBXGroup;
			children = (
			);
			path = Home;
			sourceTree = "<group>";
		};
		3FF6AA7524D0747E0008AD79 /* Profile */ = {
			isa = PBXGroup;
			children = (
			);
			path = Profile;
			sourceTree = "<group>";
		};
		3FF6AA7624D074800008AD79 /* Chat */ = {
			isa = PBXGroup;
			children = (
			);
			path = Chat;
			sourceTree = "<group>";
		};
		3FF6AA7724D074830008AD79 /* Monitoring */ = {
			isa = PBXGroup;
			children = (
			);
			path = Monitoring;
			sourceTree = "<group>";
		};
		3FF6AA7824D074860008AD79 /* Shop */ = {
			isa = PBXGroup;
			children = (
			);
			path = Shop;
			sourceTree = "<group>";
		};
		843C7E3A1C08FD33F4E4BC3B /* Pods */ = {
			isa = PBXGroup;
			children = (
				9506A5306CAF0B630199740C /* Pods-PenitipanHewanApp.debug.xcconfig */,
				DB02699FD688993011BA389C /* Pods-PenitipanHewanApp.release.xcconfig */,
				0FE13BF54738933F0108DCD3 /* Pods-PenitipanHewanAppTests.debug.xcconfig */,
				0FAFD91A46ED4DE53D48881C /* Pods-PenitipanHewanAppTests.release.xcconfig */,
			);
			name = Pods;
			path = Pods;
			sourceTree = "<group>";
		};
		9F6740C39022D44CC5630E79 /* Frameworks */ = {
			isa = PBXGroup;
			children = (
				34BA874D0A96E0D9D0668BF7 /* Pods_PenitipanHewanApp.framework */,
				25DE6840A8B17E7781188B84 /* Pods_PenitipanHewanAppTests.framework */,
			);
			name = Frameworks;
			sourceTree = "<group>";
		};
/* End PBXGroup section */

/* Begin PBXNativeTarget section */
		3FF6AA3C24D00BD70008AD79 /* PenitipanHewanApp */ = {
			isa = PBXNativeTarget;
			buildConfigurationList = 3FF6AA5F24D00BD80008AD79 /* Build configuration list for PBXNativeTarget "PenitipanHewanApp" */;
			buildPhases = (
				B2000544BEE394EF5ACDF437 /* [CP] Check Pods Manifest.lock */,
				3FF6AA3924D00BD70008AD79 /* Sources */,
				3FF6AA3A24D00BD70008AD79 /* Frameworks */,
				3FF6AA3B24D00BD70008AD79 /* Resources */,
				F049D074E6A2960310C1EC4E /* [CP] Embed Pods Frameworks */,
			);
			buildRules = (
			);
			dependencies = (
			);
			name = PenitipanHewanApp;
			productName = PenitipanHewanApp;
			productReference = 3FF6AA3D24D00BD70008AD79 /* PenitipanHewanApp.app */;
			productType = "com.apple.product-type.application";
		};
		3FF6AA5524D00BD80008AD79 /* PenitipanHewanAppTests */ = {
			isa = PBXNativeTarget;
			buildConfigurationList = 3FF6AA6224D00BD80008AD79 /* Build configuration list for PBXNativeTarget "PenitipanHewanAppTests" */;
			buildPhases = (
				DACF4AEC49F66294D1FA3FD3 /* [CP] Check Pods Manifest.lock */,
				3FF6AA5224D00BD80008AD79 /* Sources */,
				3FF6AA5324D00BD80008AD79 /* Frameworks */,
				3FF6AA5424D00BD80008AD79 /* Resources */,
			);
			buildRules = (
			);
			dependencies = (
				3FF6AA5824D00BD80008AD79 /* PBXTargetDependency */,
			);
			name = PenitipanHewanAppTests;
			productName = PenitipanHewanAppTests;
			productReference = 3FF6AA5624D00BD80008AD79 /* PenitipanHewanAppTests.xctest */;
			productType = "com.apple.product-type.bundle.unit-test";
		};
/* End PBXNativeTarget section */

/* Begin PBXProject section */
		3FF6AA3524D00BD70008AD79 /* Project object */ = {
			isa = PBXProject;
			attributes = {
				LastSwiftUpdateCheck = 1160;
				LastUpgradeCheck = 1160;
				ORGANIZATIONNAME = JOJA;
				TargetAttributes = {
					3FF6AA3C24D00BD70008AD79 = {
						CreatedOnToolsVersion = 11.6;
					};
					3FF6AA5524D00BD80008AD79 = {
						CreatedOnToolsVersion = 11.6;
						TestTargetID = 3FF6AA3C24D00BD70008AD79;
					};
				};
			};
			buildConfigurationList = 3FF6AA3824D00BD70008AD79 /* Build configuration list for PBXProject "PenitipanHewanApp" */;
			compatibilityVersion = "Xcode 9.3";
			developmentRegion = en;
			hasScannedForEncodings = 0;
			knownRegions = (
				en,
				Base,
			);
			mainGroup = 3FF6AA3424D00BD70008AD79;
			productRefGroup = 3FF6AA3E24D00BD70008AD79 /* Products */;
			projectDirPath = "";
			projectRoot = "";
			targets = (
				3FF6AA3C24D00BD70008AD79 /* PenitipanHewanApp */,
				3FF6AA5524D00BD80008AD79 /* PenitipanHewanAppTests */,
			);
		};
/* End PBXProject section */

/* Begin PBXResourcesBuildPhase section */
		3FF6AA3B24D00BD70008AD79 /* Resources */ = {
			isa = PBXResourcesBuildPhase;
			buildActionMask = 2147483647;
			files = (
				3FF6AA5024D00BD80008AD79 /* LaunchScreen.storyboard in Resources */,
				3FF6AA4D24D00BD80008AD79 /* Assets.xcassets in Resources */,
				3FF6AA4824D00BD70008AD79 /* Main.storyboard in Resources */,
			);
			runOnlyForDeploymentPostprocessing = 0;
		};
		3FF6AA5424D00BD80008AD79 /* Resources */ = {
			isa = PBXResourcesBuildPhase;
			buildActionMask = 2147483647;
			files = (
			);
			runOnlyForDeploymentPostprocessing = 0;
		};
/* End PBXResourcesBuildPhase section */

/* Begin PBXShellScriptBuildPhase section */
		B2000544BEE394EF5ACDF437 /* [CP] Check Pods Manifest.lock */ = {
			isa = PBXShellScriptBuildPhase;
			buildActionMask = 2147483647;
			files = (
			);
			inputFileListPaths = (
			);
			inputPaths = (
				"${PODS_PODFILE_DIR_PATH}/Podfile.lock",
				"${PODS_ROOT}/Manifest.lock",
			);
			name = "[CP] Check Pods Manifest.lock";
			outputFileListPaths = (
			);
			outputPaths = (
				"$(DERIVED_FILE_DIR)/Pods-PenitipanHewanApp-checkManifestLockResult.txt",
			);
			runOnlyForDeploymentPostprocessing = 0;
			shellPath = /bin/sh;
			shellScript = "diff \"${PODS_PODFILE_DIR_PATH}/Podfile.lock\" \"${PODS_ROOT}/Manifest.lock\" > /dev/null\nif [ $? != 0 ] ; then\n    # print error to STDERR\n    echo \"error: The sandbox is not in sync with the Podfile.lock. Run 'pod install' or update your CocoaPods installation.\" >&2\n    exit 1\nfi\n# This output is used by Xcode 'outputs' to avoid re-running this script phase.\necho \"SUCCESS\" > \"${SCRIPT_OUTPUT_FILE_0}\"\n";
			showEnvVarsInLog = 0;
		};
		DACF4AEC49F66294D1FA3FD3 /* [CP] Check Pods Manifest.lock */ = {
			isa = PBXShellScriptBuildPhase;
			buildActionMask = 2147483647;
			files = (
			);
			inputFileListPaths = (
			);
			inputPaths = (
				"${PODS_PODFILE_DIR_PATH}/Podfile.lock",
				"${PODS_ROOT}/Manifest.lock",
			);
			name = "[CP] Check Pods Manifest.lock";
			outputFileListPaths = (
			);
			outputPaths = (
				"$(DERIVED_FILE_DIR)/Pods-PenitipanHewanAppTests-checkManifestLockResult.txt",
			);
			runOnlyForDeploymentPostprocessing = 0;
			shellPath = /bin/sh;
			shellScript = "diff \"${PODS_PODFILE_DIR_PATH}/Podfile.lock\" \"${PODS_ROOT}/Manifest.lock\" > /dev/null\nif [ $? != 0 ] ; then\n    # print error to STDERR\n    echo \"error: The sandbox is not in sync with the Podfile.lock. Run 'pod install' or update your CocoaPods installation.\" >&2\n    exit 1\nfi\n# This output is used by Xcode 'outputs' to avoid re-running this script phase.\necho \"SUCCESS\" > \"${SCRIPT_OUTPUT_FILE_0}\"\n";
			showEnvVarsInLog = 0;
		};
		F049D074E6A2960310C1EC4E /* [CP] Embed Pods Frameworks */ = {
			isa = PBXShellScriptBuildPhase;
			buildActionMask = 2147483647;
			files = (
			);
			inputFileListPaths = (
				"${PODS_ROOT}/Target Support Files/Pods-PenitipanHewanApp/Pods-PenitipanHewanApp-frameworks-${CONFIGURATION}-input-files.xcfilelist",
			);
			name = "[CP] Embed Pods Frameworks";
			outputFileListPaths = (
				"${PODS_ROOT}/Target Support Files/Pods-PenitipanHewanApp/Pods-PenitipanHewanApp-frameworks-${CONFIGURATION}-output-files.xcfilelist",
			);
			runOnlyForDeploymentPostprocessing = 0;
			shellPath = /bin/sh;
			shellScript = "\"${PODS_ROOT}/Target Support Files/Pods-PenitipanHewanApp/Pods-PenitipanHewanApp-frameworks.sh\"\n";
			showEnvVarsInLog = 0;
		};
/* End PBXShellScriptBuildPhase section */

/* Begin PBXSourcesBuildPhase section */
		3FF6AA3924D00BD70008AD79 /* Sources */ = {
			isa = PBXSourcesBuildPhase;
			buildActionMask = 2147483647;
			files = (
				3FF6AA8424D080930008AD79 /* PetShopTabBarController.swift in Sources */,
				3FF6AA4524D00BD70008AD79 /* LoginViewController.swift in Sources */,
				3FF6AA4124D00BD70008AD79 /* AppDelegate.swift in Sources */,
				3FF6AA4B24D00BD70008AD79 /* PenitipanHewanApp.xcdatamodeld in Sources */,
				3FF6AA8224D080850008AD79 /* UserTabBarController.swift in Sources */,
				3FF6AA6B24D011670008AD79 /* Login.swift in Sources */,
				3FF6AA7E24D079670008AD79 /* customTabbar.swift in Sources */,
			);
			runOnlyForDeploymentPostprocessing = 0;
		};
		3FF6AA5224D00BD80008AD79 /* Sources */ = {
			isa = PBXSourcesBuildPhase;
			buildActionMask = 2147483647;
			files = (
				3FF6AA5B24D00BD80008AD79 /* PenitipanHewanAppTests.swift in Sources */,
			);
			runOnlyForDeploymentPostprocessing = 0;
		};
/* End PBXSourcesBuildPhase section */

/* Begin PBXTargetDependency section */
		3FF6AA5824D00BD80008AD79 /* PBXTargetDependency */ = {
			isa = PBXTargetDependency;
			target = 3FF6AA3C24D00BD70008AD79 /* PenitipanHewanApp */;
			targetProxy = 3FF6AA5724D00BD80008AD79 /* PBXContainerItemProxy */;
		};
/* End PBXTargetDependency section */

/* Begin PBXVariantGroup section */
		3FF6AA4624D00BD70008AD79 /* Main.storyboard */ = {
			isa = PBXVariantGroup;
			children = (
				3FF6AA4724D00BD70008AD79 /* Base */,
			);
			name = Main.storyboard;
			sourceTree = "<group>";
		};
		3FF6AA4E24D00BD80008AD79 /* LaunchScreen.storyboard */ = {
			isa = PBXVariantGroup;
			children = (
				3FF6AA4F24D00BD80008AD79 /* Base */,
			);
			name = LaunchScreen.storyboard;
			sourceTree = "<group>";
		};
/* End PBXVariantGroup section */

/* Begin XCBuildConfiguration section */
		3FF6AA5D24D00BD80008AD79 /* Debug */ = {
			isa = XCBuildConfiguration;
			buildSettings = {
				ALWAYS_SEARCH_USER_PATHS = NO;
				CLANG_ANALYZER_NONNULL = YES;
				CLANG_ANALYZER_NUMBER_OBJECT_CONVERSION = YES_AGGRESSIVE;
				CLANG_CXX_LANGUAGE_STANDARD = "gnu++14";
				CLANG_CXX_LIBRARY = "libc++";
				CLANG_ENABLE_MODULES = YES;
				CLANG_ENABLE_OBJC_ARC = YES;
				CLANG_ENABLE_OBJC_WEAK = YES;
				CLANG_WARN_BLOCK_CAPTURE_AUTORELEASING = YES;
				CLANG_WARN_BOOL_CONVERSION = YES;
				CLANG_WARN_COMMA = YES;
				CLANG_WARN_CONSTANT_CONVERSION = YES;
				CLANG_WARN_DEPRECATED_OBJC_IMPLEMENTATIONS = YES;
				CLANG_WARN_DIRECT_OBJC_ISA_USAGE = YES_ERROR;
				CLANG_WARN_DOCUMENTATION_COMMENTS = YES;
				CLANG_WARN_EMPTY_BODY = YES;
				CLANG_WARN_ENUM_CONVERSION = YES;
				CLANG_WARN_INFINITE_RECURSION = YES;
				CLANG_WARN_INT_CONVERSION = YES;
				CLANG_WARN_NON_LITERAL_NULL_CONVERSION = YES;
				CLANG_WARN_OBJC_IMPLICIT_RETAIN_SELF = YES;
				CLANG_WARN_OBJC_LITERAL_CONVERSION = YES;
				CLANG_WARN_OBJC_ROOT_CLASS = YES_ERROR;
				CLANG_WARN_RANGE_LOOP_ANALYSIS = YES;
				CLANG_WARN_STRICT_PROTOTYPES = YES;
				CLANG_WARN_SUSPICIOUS_MOVE = YES;
				CLANG_WARN_UNGUARDED_AVAILABILITY = YES_AGGRESSIVE;
				CLANG_WARN_UNREACHABLE_CODE = YES;
				CLANG_WARN__DUPLICATE_METHOD_MATCH = YES;
				COPY_PHASE_STRIP = NO;
				DEBUG_INFORMATION_FORMAT = dwarf;
				ENABLE_STRICT_OBJC_MSGSEND = YES;
				ENABLE_TESTABILITY = YES;
				GCC_C_LANGUAGE_STANDARD = gnu11;
				GCC_DYNAMIC_NO_PIC = NO;
				GCC_NO_COMMON_BLOCKS = YES;
				GCC_OPTIMIZATION_LEVEL = 0;
				GCC_PREPROCESSOR_DEFINITIONS = (
					"DEBUG=1",
					"$(inherited)",
				);
				GCC_WARN_64_TO_32_BIT_CONVERSION = YES;
				GCC_WARN_ABOUT_RETURN_TYPE = YES_ERROR;
				GCC_WARN_UNDECLARED_SELECTOR = YES;
				GCC_WARN_UNINITIALIZED_AUTOS = YES_AGGRESSIVE;
				GCC_WARN_UNUSED_FUNCTION = YES;
				GCC_WARN_UNUSED_VARIABLE = YES;
				IPHONEOS_DEPLOYMENT_TARGET = 13.6;
				MTL_ENABLE_DEBUG_INFO = INCLUDE_SOURCE;
				MTL_FAST_MATH = YES;
				ONLY_ACTIVE_ARCH = YES;
				SDKROOT = iphoneos;
				SWIFT_ACTIVE_COMPILATION_CONDITIONS = DEBUG;
				SWIFT_OPTIMIZATION_LEVEL = "-Onone";
			};
			name = Debug;
		};
		3FF6AA5E24D00BD80008AD79 /* Release */ = {
			isa = XCBuildConfiguration;
			buildSettings = {
				ALWAYS_SEARCH_USER_PATHS = NO;
				CLANG_ANALYZER_NONNULL = YES;
				CLANG_ANALYZER_NUMBER_OBJECT_CONVERSION = YES_AGGRESSIVE;
				CLANG_CXX_LANGUAGE_STANDARD = "gnu++14";
				CLANG_CXX_LIBRARY = "libc++";
				CLANG_ENABLE_MODULES = YES;
				CLANG_ENABLE_OBJC_ARC = YES;
				CLANG_ENABLE_OBJC_WEAK = YES;
				CLANG_WARN_BLOCK_CAPTURE_AUTORELEASING = YES;
				CLANG_WARN_BOOL_CONVERSION = YES;
				CLANG_WARN_COMMA = YES;
				CLANG_WARN_CONSTANT_CONVERSION = YES;
				CLANG_WARN_DEPRECATED_OBJC_IMPLEMENTATIONS = YES;
				CLANG_WARN_DIRECT_OBJC_ISA_USAGE = YES_ERROR;
				CLANG_WARN_DOCUMENTATION_COMMENTS = YES;
				CLANG_WARN_EMPTY_BODY = YES;
				CLANG_WARN_ENUM_CONVERSION = YES;
				CLANG_WARN_INFINITE_RECURSION = YES;
				CLANG_WARN_INT_CONVERSION = YES;
				CLANG_WARN_NON_LITERAL_NULL_CONVERSION = YES;
				CLANG_WARN_OBJC_IMPLICIT_RETAIN_SELF = YES;
				CLANG_WARN_OBJC_LITERAL_CONVERSION = YES;
				CLANG_WARN_OBJC_ROOT_CLASS = YES_ERROR;
				CLANG_WARN_RANGE_LOOP_ANALYSIS = YES;
				CLANG_WARN_STRICT_PROTOTYPES = YES;
				CLANG_WARN_SUSPICIOUS_MOVE = YES;
				CLANG_WARN_UNGUARDED_AVAILABILITY = YES_AGGRESSIVE;
				CLANG_WARN_UNREACHABLE_CODE = YES;
				CLANG_WARN__DUPLICATE_METHOD_MATCH = YES;
				COPY_PHASE_STRIP = NO;
				DEBUG_INFORMATION_FORMAT = "dwarf-with-dsym";
				ENABLE_NS_ASSERTIONS = NO;
				ENABLE_STRICT_OBJC_MSGSEND = YES;
				GCC_C_LANGUAGE_STANDARD = gnu11;
				GCC_NO_COMMON_BLOCKS = YES;
				GCC_WARN_64_TO_32_BIT_CONVERSION = YES;
				GCC_WARN_ABOUT_RETURN_TYPE = YES_ERROR;
				GCC_WARN_UNDECLARED_SELECTOR = YES;
				GCC_WARN_UNINITIALIZED_AUTOS = YES_AGGRESSIVE;
				GCC_WARN_UNUSED_FUNCTION = YES;
				GCC_WARN_UNUSED_VARIABLE = YES;
				IPHONEOS_DEPLOYMENT_TARGET = 13.6;
				MTL_ENABLE_DEBUG_INFO = NO;
				MTL_FAST_MATH = YES;
				SDKROOT = iphoneos;
				SWIFT_COMPILATION_MODE = wholemodule;
				SWIFT_OPTIMIZATION_LEVEL = "-O";
				VALIDATE_PRODUCT = YES;
			};
			name = Release;
		};
		3FF6AA6024D00BD80008AD79 /* Debug */ = {
			isa = XCBuildConfiguration;
			baseConfigurationReference = 9506A5306CAF0B630199740C /* Pods-PenitipanHewanApp.debug.xcconfig */;
			buildSettings = {
				ASSETCATALOG_COMPILER_APPICON_NAME = AppIcon;
				CODE_SIGN_STYLE = Automatic;
				DEVELOPMENT_TEAM = NU4W6FYSJZ;
				INFOPLIST_FILE = PenitipanHewanApp/Info.plist;
				IPHONEOS_DEPLOYMENT_TARGET = 11.0;
				LD_RUNPATH_SEARCH_PATHS = (
					"$(inherited)",
					"@executable_path/Frameworks",
				);
				PRODUCT_BUNDLE_IDENTIFIER = JOJA.PenitipanHewanApp;
				PRODUCT_NAME = "$(TARGET_NAME)";
				SWIFT_VERSION = 5.0;
				TARGETED_DEVICE_FAMILY = "1,2";
			};
			name = Debug;
		};
		3FF6AA6124D00BD80008AD79 /* Release */ = {
			isa = XCBuildConfiguration;
			baseConfigurationReference = DB02699FD688993011BA389C /* Pods-PenitipanHewanApp.release.xcconfig */;
			buildSettings = {
				ASSETCATALOG_COMPILER_APPICON_NAME = AppIcon;
				CODE_SIGN_STYLE = Automatic;
				DEVELOPMENT_TEAM = NU4W6FYSJZ;
				INFOPLIST_FILE = PenitipanHewanApp/Info.plist;
				IPHONEOS_DEPLOYMENT_TARGET = 11.0;
				LD_RUNPATH_SEARCH_PATHS = (
					"$(inherited)",
					"@executable_path/Frameworks",
				);
				PRODUCT_BUNDLE_IDENTIFIER = JOJA.PenitipanHewanApp;
				PRODUCT_NAME = "$(TARGET_NAME)";
				SWIFT_VERSION = 5.0;
				TARGETED_DEVICE_FAMILY = "1,2";
			};
			name = Release;
		};
		3FF6AA6324D00BD80008AD79 /* Debug */ = {
			isa = XCBuildConfiguration;
			baseConfigurationReference = 0FE13BF54738933F0108DCD3 /* Pods-PenitipanHewanAppTests.debug.xcconfig */;
			buildSettings = {
				ALWAYS_EMBED_SWIFT_STANDARD_LIBRARIES = YES;
				BUNDLE_LOADER = "$(TEST_HOST)";
				CODE_SIGN_STYLE = Automatic;
				DEVELOPMENT_TEAM = NU4W6FYSJZ;
				INFOPLIST_FILE = PenitipanHewanAppTests/Info.plist;
				IPHONEOS_DEPLOYMENT_TARGET = 13.6;
				LD_RUNPATH_SEARCH_PATHS = (
					"$(inherited)",
					"@executable_path/Frameworks",
					"@loader_path/Frameworks",
				);
				PRODUCT_BUNDLE_IDENTIFIER = JOJA.PenitipanHewanAppTests;
				PRODUCT_NAME = "$(TARGET_NAME)";
				SWIFT_VERSION = 5.0;
				TARGETED_DEVICE_FAMILY = "1,2";
				TEST_HOST = "$(BUILT_PRODUCTS_DIR)/PenitipanHewanApp.app/PenitipanHewanApp";
			};
			name = Debug;
		};
		3FF6AA6424D00BD80008AD79 /* Release */ = {
			isa = XCBuildConfiguration;
			baseConfigurationReference = 0FAFD91A46ED4DE53D48881C /* Pods-PenitipanHewanAppTests.release.xcconfig */;
			buildSettings = {
				ALWAYS_EMBED_SWIFT_STANDARD_LIBRARIES = YES;
				BUNDLE_LOADER = "$(TEST_HOST)";
				CODE_SIGN_STYLE = Automatic;
				DEVELOPMENT_TEAM = NU4W6FYSJZ;
				INFOPLIST_FILE = PenitipanHewanAppTests/Info.plist;
				IPHONEOS_DEPLOYMENT_TARGET = 13.6;
				LD_RUNPATH_SEARCH_PATHS = (
					"$(inherited)",
					"@executable_path/Frameworks",
					"@loader_path/Frameworks",
				);
				PRODUCT_BUNDLE_IDENTIFIER = JOJA.PenitipanHewanAppTests;
				PRODUCT_NAME = "$(TARGET_NAME)";
				SWIFT_VERSION = 5.0;
				TARGETED_DEVICE_FAMILY = "1,2";
				TEST_HOST = "$(BUILT_PRODUCTS_DIR)/PenitipanHewanApp.app/PenitipanHewanApp";
			};
			name = Release;
		};
/* End XCBuildConfiguration section */

/* Begin XCConfigurationList section */
		3FF6AA3824D00BD70008AD79 /* Build configuration list for PBXProject "PenitipanHewanApp" */ = {
			isa = XCConfigurationList;
			buildConfigurations = (
				3FF6AA5D24D00BD80008AD79 /* Debug */,
				3FF6AA5E24D00BD80008AD79 /* Release */,
			);
			defaultConfigurationIsVisible = 0;
			defaultConfigurationName = Release;
		};
		3FF6AA5F24D00BD80008AD79 /* Build configuration list for PBXNativeTarget "PenitipanHewanApp" */ = {
			isa = XCConfigurationList;
			buildConfigurations = (
				3FF6AA6024D00BD80008AD79 /* Debug */,
				3FF6AA6124D00BD80008AD79 /* Release */,
			);
			defaultConfigurationIsVisible = 0;
			defaultConfigurationName = Release;
		};
		3FF6AA6224D00BD80008AD79 /* Build configuration list for PBXNativeTarget "PenitipanHewanAppTests" */ = {
			isa = XCConfigurationList;
			buildConfigurations = (
				3FF6AA6324D00BD80008AD79 /* Debug */,
				3FF6AA6424D00BD80008AD79 /* Release */,
			);
			defaultConfigurationIsVisible = 0;
			defaultConfigurationName = Release;
		};
/* End XCConfigurationList section */

/* Begin XCVersionGroup section */
		3FF6AA4924D00BD70008AD79 /* PenitipanHewanApp.xcdatamodeld */ = {
			isa = XCVersionGroup;
			children = (
				3FF6AA4A24D00BD70008AD79 /* PenitipanHewanApp.xcdatamodel */,
			);
			currentVersion = 3FF6AA4A24D00BD70008AD79 /* PenitipanHewanApp.xcdatamodel */;
			path = PenitipanHewanApp.xcdatamodeld;
			sourceTree = "<group>";
			versionGroupType = wrapper.xcdatamodel;
		};
/* End XCVersionGroup section */
	};
	rootObject = 3FF6AA3524D00BD70008AD79 /* Project object */;
}
