// !$*UTF8*$!
{
	archiveVersion = 1;
	classes = {
	};
	objectVersion = 52;
	objects = {

/* Begin PBXBuildFile section */
		3F32793F24D3A36200399D3B /* SignUp.storyboard in Resources */ = {isa = PBXBuildFile; fileRef = 3F32793E24D3A36200399D3B /* SignUp.storyboard */; };
		3F32794124D3A37A00399D3B /* SignUpViewController.swift in Sources */ = {isa = PBXBuildFile; fileRef = 3F32794024D3A37A00399D3B /* SignUpViewController.swift */; };
		3F32794524D3A92200399D3B /* UIButton+Extension.swift in Sources */ = {isa = PBXBuildFile; fileRef = 3F32794424D3A92200399D3B /* UIButton+Extension.swift */; };
		3F32794724D3AB0900399D3B /* UITextField+Extension.swift in Sources */ = {isa = PBXBuildFile; fileRef = 3F32794624D3AB0900399D3B /* UITextField+Extension.swift */; };
		3F32794D24D3C1FB00399D3B /* String+Extension.swift in Sources */ = {isa = PBXBuildFile; fileRef = 3F32794C24D3C1FB00399D3B /* String+Extension.swift */; };
		3F8358E824D49E9400DFEDD6 /* ReservationViewController.swift in Sources */ = {isa = PBXBuildFile; fileRef = 3F8358E724D49E9400DFEDD6 /* ReservationViewController.swift */; };
		3F8358EB24D49FA400DFEDD6 /* ReservationTableViewCell.swift in Sources */ = {isa = PBXBuildFile; fileRef = 3F8358EA24D49FA400DFEDD6 /* ReservationTableViewCell.swift */; };
		3F8358ED24D4A01E00DFEDD6 /* ExtReservation+TableView.swift in Sources */ = {isa = PBXBuildFile; fileRef = 3F8358EC24D4A01E00DFEDD6 /* ExtReservation+TableView.swift */; };
		3FF69E3324D412740037395A /* CommonHelper.swift in Sources */ = {isa = PBXBuildFile; fileRef = 3FF69E3224D412740037395A /* CommonHelper.swift */; };
		3FF6AA4124D00BD70008AD79 /* AppDelegate.swift in Sources */ = {isa = PBXBuildFile; fileRef = 3FF6AA4024D00BD70008AD79 /* AppDelegate.swift */; };
		3FF6AA4524D00BD70008AD79 /* LoginViewController.swift in Sources */ = {isa = PBXBuildFile; fileRef = 3FF6AA4424D00BD70008AD79 /* LoginViewController.swift */; };
		3FF6AA4824D00BD70008AD79 /* Main.storyboard in Resources */ = {isa = PBXBuildFile; fileRef = 3FF6AA4624D00BD70008AD79 /* Main.storyboard */; };
		3FF6AA4B24D00BD70008AD79 /* PenitipanHewanApp.xcdatamodeld in Sources */ = {isa = PBXBuildFile; fileRef = 3FF6AA4924D00BD70008AD79 /* PenitipanHewanApp.xcdatamodeld */; };
		3FF6AA4D24D00BD80008AD79 /* Assets.xcassets in Resources */ = {isa = PBXBuildFile; fileRef = 3FF6AA4C24D00BD80008AD79 /* Assets.xcassets */; };
		3FF6AA5024D00BD80008AD79 /* LaunchScreen.storyboard in Resources */ = {isa = PBXBuildFile; fileRef = 3FF6AA4E24D00BD80008AD79 /* LaunchScreen.storyboard */; };
		3FF6AA5B24D00BD80008AD79 /* PenitipanHewanAppTests.swift in Sources */ = {isa = PBXBuildFile; fileRef = 3FF6AA5A24D00BD80008AD79 /* PenitipanHewanAppTests.swift */; };
		3FF6AA6B24D011670008AD79 /* Login.swift in Sources */ = {isa = PBXBuildFile; fileRef = 3FF6AA6A24D011670008AD79 /* Login.swift */; };
		3FF6AA7E24D079670008AD79 /* customTabbar.swift in Sources */ = {isa = PBXBuildFile; fileRef = 3FF6AA7D24D079670008AD79 /* customTabbar.swift */; };
		3FF6AA8224D080850008AD79 /* UserTabBarController.swift in Sources */ = {isa = PBXBuildFile; fileRef = 3FF6AA8124D080850008AD79 /* UserTabBarController.swift */; };
		3FF6AA8424D080930008AD79 /* PetShopTabBarController.swift in Sources */ = {isa = PBXBuildFile; fileRef = 3FF6AA8324D080930008AD79 /* PetShopTabBarController.swift */; };
		4E91D30C189F5FA10C4E9751 /* Pods_PenitipanHewanAppTests.framework in Frameworks */ = {isa = PBXBuildFile; fileRef = ADE763299E2D92C1BA7080C3 /* Pods_PenitipanHewanAppTests.framework */; };
		8410A87C24D1098D0010EA19 /* UserHomeViewController.swift in Sources */ = {isa = PBXBuildFile; fileRef = 8410A87B24D1098D0010EA19 /* UserHomeViewController.swift */; };
		841129EC24D531D5008D151B /* GoogleService-Info.plist in Resources */ = {isa = PBXBuildFile; fileRef = 841129EB24D531D5008D151B /* GoogleService-Info.plist */; };
		843043AC24D1B30D00DCC642 /* SnapKit in Frameworks */ = {isa = PBXBuildFile; productRef = 843043AB24D1B30D00DCC642 /* SnapKit */; };
		843043B224D1BA8100DCC642 /* UserPetshopViewController.swift in Sources */ = {isa = PBXBuildFile; fileRef = 843043B024D1BA8100DCC642 /* UserPetshopViewController.swift */; };
		843043B324D1BA8100DCC642 /* UserPetshopViewController.xib in Resources */ = {isa = PBXBuildFile; fileRef = 843043B124D1BA8100DCC642 /* UserPetshopViewController.xib */; };
		84491B0F24D47264009454AE /* PetshopHeaderProfileCell.swift in Sources */ = {isa = PBXBuildFile; fileRef = 84491B0D24D47264009454AE /* PetshopHeaderProfileCell.swift */; };
		84491B1024D47264009454AE /* PetshopHeaderProfileCell.xib in Resources */ = {isa = PBXBuildFile; fileRef = 84491B0E24D47264009454AE /* PetshopHeaderProfileCell.xib */; };
		844D523F24D476AE003B91B4 /* PetshopSaldoProfileCell.swift in Sources */ = {isa = PBXBuildFile; fileRef = 844D523D24D476AE003B91B4 /* PetshopSaldoProfileCell.swift */; };
		844D524024D476AE003B91B4 /* PetshopSaldoProfileCell.xib in Resources */ = {isa = PBXBuildFile; fileRef = 844D523E24D476AE003B91B4 /* PetshopSaldoProfileCell.xib */; };
		844D524324D477EC003B91B4 /* PetshopEditProfileCell.swift in Sources */ = {isa = PBXBuildFile; fileRef = 844D524124D477EC003B91B4 /* PetshopEditProfileCell.swift */; };
		844D524424D477EC003B91B4 /* PetshopEditProfileCell.xib in Resources */ = {isa = PBXBuildFile; fileRef = 844D524224D477EC003B91B4 /* PetshopEditProfileCell.xib */; };
		844D524724D47920003B91B4 /* PetshopEditPasswordProfileCell.swift in Sources */ = {isa = PBXBuildFile; fileRef = 844D524524D47920003B91B4 /* PetshopEditPasswordProfileCell.swift */; };
		844D524824D47920003B91B4 /* PetshopEditPasswordProfileCell.xib in Resources */ = {isa = PBXBuildFile; fileRef = 844D524624D47920003B91B4 /* PetshopEditPasswordProfileCell.xib */; };
		844D524A24D48FA6003B91B4 /* PetshopProfilePresenter.swift in Sources */ = {isa = PBXBuildFile; fileRef = 844D524924D48FA6003B91B4 /* PetshopProfilePresenter.swift */; };
		844D524C24D491D8003B91B4 /* CommonModel.swift in Sources */ = {isa = PBXBuildFile; fileRef = 844D524B24D491D8003B91B4 /* CommonModel.swift */; };
		844D525024D49571003B91B4 /* CameraLibraryHelper.swift in Sources */ = {isa = PBXBuildFile; fileRef = 844D524F24D49571003B91B4 /* CameraLibraryHelper.swift */; };
		845952DA24D5B1F800840146 /* PickerHelper.swift in Sources */ = {isa = PBXBuildFile; fileRef = 845952D924D5B1F800840146 /* PickerHelper.swift */; };
		845952DC24D5CB9300840146 /* UserProfilePresenter.swift in Sources */ = {isa = PBXBuildFile; fileRef = 845952DB24D5CB9300840146 /* UserProfilePresenter.swift */; };
		845DCD4224D333F700214768 /* FirstStateViewController.swift in Sources */ = {isa = PBXBuildFile; fileRef = 845DCD4124D333F700214768 /* FirstStateViewController.swift */; };
		845DCD4424D339D100214768 /* ThreadHelper.swift in Sources */ = {isa = PBXBuildFile; fileRef = 845DCD4324D339D100214768 /* ThreadHelper.swift */; };
		845DCD4824D3423000214768 /* UIViewController+Extension.swift in Sources */ = {isa = PBXBuildFile; fileRef = 845DCD4724D3423000214768 /* UIViewController+Extension.swift */; };
		847037C624D1E9ED0012269E /* ShopViewController.swift in Sources */ = {isa = PBXBuildFile; fileRef = 847037C524D1E9ED0012269E /* ShopViewController.swift */; };
		847037C824D1E9FE0012269E /* ShopStoryboard.storyboard in Resources */ = {isa = PBXBuildFile; fileRef = 847037C724D1E9FE0012269E /* ShopStoryboard.storyboard */; };
		847037CB24D1EA8B0012269E /* PetshopMonitoringViewController.swift in Sources */ = {isa = PBXBuildFile; fileRef = 847037CA24D1EA8B0012269E /* PetshopMonitoringViewController.swift */; };
		847037CF24D1EACD0012269E /* PetshopMonitoringStoryboard.storyboard in Resources */ = {isa = PBXBuildFile; fileRef = 847037CE24D1EACD0012269E /* PetshopMonitoringStoryboard.storyboard */; };
		847037D224D1EB260012269E /* PetshopChatStoryboard.storyboard in Resources */ = {isa = PBXBuildFile; fileRef = 847037D124D1EB260012269E /* PetshopChatStoryboard.storyboard */; };
		847037D424D1EB330012269E /* PetshopChatViewController.swift in Sources */ = {isa = PBXBuildFile; fileRef = 847037D324D1EB330012269E /* PetshopChatViewController.swift */; };
		847037D724D1EBD30012269E /* PetshopProfileStoryboard.storyboard in Resources */ = {isa = PBXBuildFile; fileRef = 847037D624D1EBD30012269E /* PetshopProfileStoryboard.storyboard */; };
		847037D924D1EBDF0012269E /* PetshopProfileViewController.swift in Sources */ = {isa = PBXBuildFile; fileRef = 847037D824D1EBDF0012269E /* PetshopProfileViewController.swift */; };
		8496112624D41FBD00AAD56A /* UserProfileHeaderCell.swift in Sources */ = {isa = PBXBuildFile; fileRef = 8496112424D41FBD00AAD56A /* UserProfileHeaderCell.swift */; };
		8496112724D41FBD00AAD56A /* UserProfileHeaderCell.xib in Resources */ = {isa = PBXBuildFile; fileRef = 8496112524D41FBD00AAD56A /* UserProfileHeaderCell.xib */; };
		849B4C3324D43B2A00E3560E /* UserProfileAddSaldoViewController.swift in Sources */ = {isa = PBXBuildFile; fileRef = 849B4C3124D43B2A00E3560E /* UserProfileAddSaldoViewController.swift */; };
		849B4C3424D43B2A00E3560E /* UserProfileAddSaldoViewController.xib in Resources */ = {isa = PBXBuildFile; fileRef = 849B4C3224D43B2A00E3560E /* UserProfileAddSaldoViewController.xib */; };
		849B4C3724D44F2300E3560E /* UserProfilePasswordViewController.swift in Sources */ = {isa = PBXBuildFile; fileRef = 849B4C3524D44F2300E3560E /* UserProfilePasswordViewController.swift */; };
		849B4C3824D44F2300E3560E /* UserProfilePasswordViewController.xib in Resources */ = {isa = PBXBuildFile; fileRef = 849B4C3624D44F2300E3560E /* UserProfilePasswordViewController.xib */; };
		84D4043324D426BB00EF5682 /* UserProfileEditDataCell.swift in Sources */ = {isa = PBXBuildFile; fileRef = 84D4043124D426BB00EF5682 /* UserProfileEditDataCell.swift */; };
		84D4043424D426BB00EF5682 /* UserProfileEditDataCell.xib in Resources */ = {isa = PBXBuildFile; fileRef = 84D4043224D426BB00EF5682 /* UserProfileEditDataCell.xib */; };
		84D4043724D42C2900EF5682 /* UserProfileSaldoCell.swift in Sources */ = {isa = PBXBuildFile; fileRef = 84D4043524D42C2900EF5682 /* UserProfileSaldoCell.swift */; };
		84D4043824D42C2900EF5682 /* UserProfileSaldoCell.xib in Resources */ = {isa = PBXBuildFile; fileRef = 84D4043624D42C2900EF5682 /* UserProfileSaldoCell.xib */; };
		84D4043C24D42E6900EF5682 /* UserProfilePasswordCell.swift in Sources */ = {isa = PBXBuildFile; fileRef = 84D4043A24D42E6900EF5682 /* UserProfilePasswordCell.swift */; };
		84D4043D24D42E6900EF5682 /* UserProfilePasswordCell.xib in Resources */ = {isa = PBXBuildFile; fileRef = 84D4043B24D42E6900EF5682 /* UserProfilePasswordCell.xib */; };
		84D4044224D434AB00EF5682 /* UserEditProfileViewController.swift in Sources */ = {isa = PBXBuildFile; fileRef = 84D4044024D434AB00EF5682 /* UserEditProfileViewController.swift */; };
		84D4044324D434AB00EF5682 /* UserEditProfileViewController.xib in Resources */ = {isa = PBXBuildFile; fileRef = 84D4044124D434AB00EF5682 /* UserEditProfileViewController.xib */; };
		84D89F4B24D1C164006FE47F /* UserPetshopCell.swift in Sources */ = {isa = PBXBuildFile; fileRef = 84D89F4924D1C164006FE47F /* UserPetshopCell.swift */; };
		84D89F4C24D1C164006FE47F /* UserPetshopCell.xib in Resources */ = {isa = PBXBuildFile; fileRef = 84D89F4A24D1C164006FE47F /* UserPetshopCell.xib */; };
		84EBC41524D110FD00A87111 /* ColorHelper.swift in Sources */ = {isa = PBXBuildFile; fileRef = 84EBC41424D110FD00A87111 /* ColorHelper.swift */; };
		84EBC41A24D1131400A87111 /* UserProfileViewController.swift in Sources */ = {isa = PBXBuildFile; fileRef = 84EBC41924D1131400A87111 /* UserProfileViewController.swift */; };
		84EBC41D24D1154900A87111 /* UserChatViewController.swift in Sources */ = {isa = PBXBuildFile; fileRef = 84EBC41C24D1154900A87111 /* UserChatViewController.swift */; };
		84EBC42024D1159600A87111 /* UserPetViewController.swift in Sources */ = {isa = PBXBuildFile; fileRef = 84EBC41F24D1159600A87111 /* UserPetViewController.swift */; };
		84EBC42524D1190800A87111 /* UserHomeStoryboard.storyboard in Resources */ = {isa = PBXBuildFile; fileRef = 84EBC42424D1190800A87111 /* UserHomeStoryboard.storyboard */; };
		84EBC42724D11A3300A87111 /* UserProfileStoryboard.storyboard in Resources */ = {isa = PBXBuildFile; fileRef = 84EBC42624D11A3300A87111 /* UserProfileStoryboard.storyboard */; };
		84EBC42924D11B1500A87111 /* UserPetStoryboard.storyboard in Resources */ = {isa = PBXBuildFile; fileRef = 84EBC42824D11B1500A87111 /* UserPetStoryboard.storyboard */; };
		872651A1A79AB18F75B91FA4 /* Pods_PenitipanHewanApp.framework in Frameworks */ = {isa = PBXBuildFile; fileRef = E9E36106D1EF9621DEB34EDF /* Pods_PenitipanHewanApp.framework */; };
/* End PBXBuildFile section */

/* Begin PBXContainerItemProxy section */
		3FF6AA5724D00BD80008AD79 /* PBXContainerItemProxy */ = {
			isa = PBXContainerItemProxy;
			containerPortal = 3FF6AA3524D00BD70008AD79 /* Project object */;
			proxyType = 1;
			remoteGlobalIDString = 3FF6AA3C24D00BD70008AD79;
			remoteInfo = PenitipanHewanApp;
		};
/* End PBXContainerItemProxy section */

/* Begin PBXFileReference section */
		1E4F22F8592693A5CEA12A6D /* Pods-PenitipanHewanAppTests.release.xcconfig */ = {isa = PBXFileReference; includeInIndex = 1; lastKnownFileType = text.xcconfig; name = "Pods-PenitipanHewanAppTests.release.xcconfig"; path = "Target Support Files/Pods-PenitipanHewanAppTests/Pods-PenitipanHewanAppTests.release.xcconfig"; sourceTree = "<group>"; };
		3F32793E24D3A36200399D3B /* SignUp.storyboard */ = {isa = PBXFileReference; lastKnownFileType = file.storyboard; path = SignUp.storyboard; sourceTree = "<group>"; };
		3F32794024D3A37A00399D3B /* SignUpViewController.swift */ = {isa = PBXFileReference; lastKnownFileType = sourcecode.swift; path = SignUpViewController.swift; sourceTree = "<group>"; };
		3F32794424D3A92200399D3B /* UIButton+Extension.swift */ = {isa = PBXFileReference; lastKnownFileType = sourcecode.swift; path = "UIButton+Extension.swift"; sourceTree = "<group>"; };
		3F32794624D3AB0900399D3B /* UITextField+Extension.swift */ = {isa = PBXFileReference; lastKnownFileType = sourcecode.swift; path = "UITextField+Extension.swift"; sourceTree = "<group>"; };
		3F32794C24D3C1FB00399D3B /* String+Extension.swift */ = {isa = PBXFileReference; lastKnownFileType = sourcecode.swift; path = "String+Extension.swift"; sourceTree = "<group>"; };
		3F8358E724D49E9400DFEDD6 /* ReservationViewController.swift */ = {isa = PBXFileReference; lastKnownFileType = sourcecode.swift; path = ReservationViewController.swift; sourceTree = "<group>"; };
		3F8358EA24D49FA400DFEDD6 /* ReservationTableViewCell.swift */ = {isa = PBXFileReference; lastKnownFileType = sourcecode.swift; path = ReservationTableViewCell.swift; sourceTree = "<group>"; };
		3F8358EC24D4A01E00DFEDD6 /* ExtReservation+TableView.swift */ = {isa = PBXFileReference; lastKnownFileType = sourcecode.swift; path = "ExtReservation+TableView.swift"; sourceTree = "<group>"; };
		3F8358EE24D4A12F00DFEDD6 /* PenitipanHewanApp.entitlements */ = {isa = PBXFileReference; lastKnownFileType = text.plist.entitlements; path = PenitipanHewanApp.entitlements; sourceTree = "<group>"; };
		3FF69E3224D412740037395A /* CommonHelper.swift */ = {isa = PBXFileReference; lastKnownFileType = sourcecode.swift; path = CommonHelper.swift; sourceTree = "<group>"; };
		3FF6AA3D24D00BD70008AD79 /* PenitipanHewanApp.app */ = {isa = PBXFileReference; explicitFileType = wrapper.application; includeInIndex = 0; path = PenitipanHewanApp.app; sourceTree = BUILT_PRODUCTS_DIR; };
		3FF6AA4024D00BD70008AD79 /* AppDelegate.swift */ = {isa = PBXFileReference; lastKnownFileType = sourcecode.swift; path = AppDelegate.swift; sourceTree = "<group>"; };
		3FF6AA4424D00BD70008AD79 /* LoginViewController.swift */ = {isa = PBXFileReference; lastKnownFileType = sourcecode.swift; path = LoginViewController.swift; sourceTree = "<group>"; };
		3FF6AA4724D00BD70008AD79 /* Base */ = {isa = PBXFileReference; lastKnownFileType = file.storyboard; name = Base; path = Base.lproj/Main.storyboard; sourceTree = "<group>"; };
		3FF6AA4A24D00BD70008AD79 /* PenitipanHewanApp.xcdatamodel */ = {isa = PBXFileReference; lastKnownFileType = wrapper.xcdatamodel; path = PenitipanHewanApp.xcdatamodel; sourceTree = "<group>"; };
		3FF6AA4C24D00BD80008AD79 /* Assets.xcassets */ = {isa = PBXFileReference; lastKnownFileType = folder.assetcatalog; path = Assets.xcassets; sourceTree = "<group>"; };
		3FF6AA4F24D00BD80008AD79 /* Base */ = {isa = PBXFileReference; lastKnownFileType = file.storyboard; name = Base; path = Base.lproj/LaunchScreen.storyboard; sourceTree = "<group>"; };
		3FF6AA5124D00BD80008AD79 /* Info.plist */ = {isa = PBXFileReference; lastKnownFileType = text.plist.xml; path = Info.plist; sourceTree = "<group>"; };
		3FF6AA5624D00BD80008AD79 /* PenitipanHewanAppTests.xctest */ = {isa = PBXFileReference; explicitFileType = wrapper.cfbundle; includeInIndex = 0; path = PenitipanHewanAppTests.xctest; sourceTree = BUILT_PRODUCTS_DIR; };
		3FF6AA5A24D00BD80008AD79 /* PenitipanHewanAppTests.swift */ = {isa = PBXFileReference; lastKnownFileType = sourcecode.swift; path = PenitipanHewanAppTests.swift; sourceTree = "<group>"; };
		3FF6AA5C24D00BD80008AD79 /* Info.plist */ = {isa = PBXFileReference; lastKnownFileType = text.plist.xml; path = Info.plist; sourceTree = "<group>"; };
		3FF6AA6A24D011670008AD79 /* Login.swift */ = {isa = PBXFileReference; lastKnownFileType = sourcecode.swift; path = Login.swift; sourceTree = "<group>"; };
		3FF6AA7D24D079670008AD79 /* customTabbar.swift */ = {isa = PBXFileReference; lastKnownFileType = sourcecode.swift; path = customTabbar.swift; sourceTree = "<group>"; };
		3FF6AA8124D080850008AD79 /* UserTabBarController.swift */ = {isa = PBXFileReference; lastKnownFileType = sourcecode.swift; path = UserTabBarController.swift; sourceTree = "<group>"; };
		3FF6AA8324D080930008AD79 /* PetShopTabBarController.swift */ = {isa = PBXFileReference; lastKnownFileType = sourcecode.swift; path = PetShopTabBarController.swift; sourceTree = "<group>"; };
		6ED2B8B5BF8E05730523FD38 /* Pods-PenitipanHewanAppTests.debug.xcconfig */ = {isa = PBXFileReference; includeInIndex = 1; lastKnownFileType = text.xcconfig; name = "Pods-PenitipanHewanAppTests.debug.xcconfig"; path = "Target Support Files/Pods-PenitipanHewanAppTests/Pods-PenitipanHewanAppTests.debug.xcconfig"; sourceTree = "<group>"; };
		8410A87B24D1098D0010EA19 /* UserHomeViewController.swift */ = {isa = PBXFileReference; fileEncoding = 4; lastKnownFileType = sourcecode.swift; path = UserHomeViewController.swift; sourceTree = "<group>"; };
		841129EB24D531D5008D151B /* GoogleService-Info.plist */ = {isa = PBXFileReference; fileEncoding = 4; lastKnownFileType = text.plist.xml; path = "GoogleService-Info.plist"; sourceTree = "<group>"; };
		843043B024D1BA8100DCC642 /* UserPetshopViewController.swift */ = {isa = PBXFileReference; lastKnownFileType = sourcecode.swift; path = UserPetshopViewController.swift; sourceTree = "<group>"; };
		843043B124D1BA8100DCC642 /* UserPetshopViewController.xib */ = {isa = PBXFileReference; lastKnownFileType = file.xib; path = UserPetshopViewController.xib; sourceTree = "<group>"; };
		84491B0D24D47264009454AE /* PetshopHeaderProfileCell.swift */ = {isa = PBXFileReference; lastKnownFileType = sourcecode.swift; path = PetshopHeaderProfileCell.swift; sourceTree = "<group>"; };
		84491B0E24D47264009454AE /* PetshopHeaderProfileCell.xib */ = {isa = PBXFileReference; lastKnownFileType = file.xib; path = PetshopHeaderProfileCell.xib; sourceTree = "<group>"; };
		844D523D24D476AE003B91B4 /* PetshopSaldoProfileCell.swift */ = {isa = PBXFileReference; lastKnownFileType = sourcecode.swift; path = PetshopSaldoProfileCell.swift; sourceTree = "<group>"; };
		844D523E24D476AE003B91B4 /* PetshopSaldoProfileCell.xib */ = {isa = PBXFileReference; lastKnownFileType = file.xib; path = PetshopSaldoProfileCell.xib; sourceTree = "<group>"; };
		844D524124D477EC003B91B4 /* PetshopEditProfileCell.swift */ = {isa = PBXFileReference; lastKnownFileType = sourcecode.swift; path = PetshopEditProfileCell.swift; sourceTree = "<group>"; };
		844D524224D477EC003B91B4 /* PetshopEditProfileCell.xib */ = {isa = PBXFileReference; lastKnownFileType = file.xib; path = PetshopEditProfileCell.xib; sourceTree = "<group>"; };
		844D524524D47920003B91B4 /* PetshopEditPasswordProfileCell.swift */ = {isa = PBXFileReference; lastKnownFileType = sourcecode.swift; path = PetshopEditPasswordProfileCell.swift; sourceTree = "<group>"; };
		844D524624D47920003B91B4 /* PetshopEditPasswordProfileCell.xib */ = {isa = PBXFileReference; lastKnownFileType = file.xib; path = PetshopEditPasswordProfileCell.xib; sourceTree = "<group>"; };
		844D524924D48FA6003B91B4 /* PetshopProfilePresenter.swift */ = {isa = PBXFileReference; lastKnownFileType = sourcecode.swift; path = PetshopProfilePresenter.swift; sourceTree = "<group>"; };
		844D524B24D491D8003B91B4 /* CommonModel.swift */ = {isa = PBXFileReference; lastKnownFileType = sourcecode.swift; path = CommonModel.swift; sourceTree = "<group>"; };
		844D524F24D49571003B91B4 /* CameraLibraryHelper.swift */ = {isa = PBXFileReference; lastKnownFileType = sourcecode.swift; path = CameraLibraryHelper.swift; sourceTree = "<group>"; };
		845952D924D5B1F800840146 /* PickerHelper.swift */ = {isa = PBXFileReference; lastKnownFileType = sourcecode.swift; path = PickerHelper.swift; sourceTree = "<group>"; };
		845952DB24D5CB9300840146 /* UserProfilePresenter.swift */ = {isa = PBXFileReference; lastKnownFileType = sourcecode.swift; path = UserProfilePresenter.swift; sourceTree = "<group>"; };
		845DCD4124D333F700214768 /* FirstStateViewController.swift */ = {isa = PBXFileReference; lastKnownFileType = sourcecode.swift; name = FirstStateViewController.swift; path = PenitipanHewanApp/Login/Controller/FirstStateViewController.swift; sourceTree = SOURCE_ROOT; };
		845DCD4324D339D100214768 /* ThreadHelper.swift */ = {isa = PBXFileReference; lastKnownFileType = sourcecode.swift; path = ThreadHelper.swift; sourceTree = "<group>"; };
		845DCD4724D3423000214768 /* UIViewController+Extension.swift */ = {isa = PBXFileReference; lastKnownFileType = sourcecode.swift; path = "UIViewController+Extension.swift"; sourceTree = "<group>"; };
		847037C524D1E9ED0012269E /* ShopViewController.swift */ = {isa = PBXFileReference; lastKnownFileType = sourcecode.swift; path = ShopViewController.swift; sourceTree = "<group>"; };
		847037C724D1E9FE0012269E /* ShopStoryboard.storyboard */ = {isa = PBXFileReference; lastKnownFileType = file.storyboard; path = ShopStoryboard.storyboard; sourceTree = "<group>"; };
		847037CA24D1EA8B0012269E /* PetshopMonitoringViewController.swift */ = {isa = PBXFileReference; lastKnownFileType = sourcecode.swift; path = PetshopMonitoringViewController.swift; sourceTree = "<group>"; };
		847037CE24D1EACD0012269E /* PetshopMonitoringStoryboard.storyboard */ = {isa = PBXFileReference; lastKnownFileType = file.storyboard; path = PetshopMonitoringStoryboard.storyboard; sourceTree = "<group>"; };
		847037D124D1EB260012269E /* PetshopChatStoryboard.storyboard */ = {isa = PBXFileReference; lastKnownFileType = file.storyboard; path = PetshopChatStoryboard.storyboard; sourceTree = "<group>"; };
		847037D324D1EB330012269E /* PetshopChatViewController.swift */ = {isa = PBXFileReference; lastKnownFileType = sourcecode.swift; path = PetshopChatViewController.swift; sourceTree = "<group>"; };
		847037D624D1EBD30012269E /* PetshopProfileStoryboard.storyboard */ = {isa = PBXFileReference; lastKnownFileType = file.storyboard; path = PetshopProfileStoryboard.storyboard; sourceTree = "<group>"; };
		847037D824D1EBDF0012269E /* PetshopProfileViewController.swift */ = {isa = PBXFileReference; lastKnownFileType = sourcecode.swift; path = PetshopProfileViewController.swift; sourceTree = "<group>"; };
		8496112424D41FBD00AAD56A /* UserProfileHeaderCell.swift */ = {isa = PBXFileReference; lastKnownFileType = sourcecode.swift; path = UserProfileHeaderCell.swift; sourceTree = "<group>"; };
		8496112524D41FBD00AAD56A /* UserProfileHeaderCell.xib */ = {isa = PBXFileReference; lastKnownFileType = file.xib; path = UserProfileHeaderCell.xib; sourceTree = "<group>"; };
		849B4C3124D43B2A00E3560E /* UserProfileAddSaldoViewController.swift */ = {isa = PBXFileReference; lastKnownFileType = sourcecode.swift; path = UserProfileAddSaldoViewController.swift; sourceTree = "<group>"; };
		849B4C3224D43B2A00E3560E /* UserProfileAddSaldoViewController.xib */ = {isa = PBXFileReference; lastKnownFileType = file.xib; path = UserProfileAddSaldoViewController.xib; sourceTree = "<group>"; };
		849B4C3524D44F2300E3560E /* UserProfilePasswordViewController.swift */ = {isa = PBXFileReference; lastKnownFileType = sourcecode.swift; path = UserProfilePasswordViewController.swift; sourceTree = "<group>"; };
		849B4C3624D44F2300E3560E /* UserProfilePasswordViewController.xib */ = {isa = PBXFileReference; lastKnownFileType = file.xib; path = UserProfilePasswordViewController.xib; sourceTree = "<group>"; };
		84D4043124D426BB00EF5682 /* UserProfileEditDataCell.swift */ = {isa = PBXFileReference; lastKnownFileType = sourcecode.swift; path = UserProfileEditDataCell.swift; sourceTree = "<group>"; };
		84D4043224D426BB00EF5682 /* UserProfileEditDataCell.xib */ = {isa = PBXFileReference; lastKnownFileType = file.xib; path = UserProfileEditDataCell.xib; sourceTree = "<group>"; };
		84D4043524D42C2900EF5682 /* UserProfileSaldoCell.swift */ = {isa = PBXFileReference; lastKnownFileType = sourcecode.swift; path = UserProfileSaldoCell.swift; sourceTree = "<group>"; };
		84D4043624D42C2900EF5682 /* UserProfileSaldoCell.xib */ = {isa = PBXFileReference; lastKnownFileType = file.xib; path = UserProfileSaldoCell.xib; sourceTree = "<group>"; };
		84D4043A24D42E6900EF5682 /* UserProfilePasswordCell.swift */ = {isa = PBXFileReference; lastKnownFileType = sourcecode.swift; path = UserProfilePasswordCell.swift; sourceTree = "<group>"; };
		84D4043B24D42E6900EF5682 /* UserProfilePasswordCell.xib */ = {isa = PBXFileReference; lastKnownFileType = file.xib; path = UserProfilePasswordCell.xib; sourceTree = "<group>"; };
		84D4044024D434AB00EF5682 /* UserEditProfileViewController.swift */ = {isa = PBXFileReference; lastKnownFileType = sourcecode.swift; path = UserEditProfileViewController.swift; sourceTree = "<group>"; };
		84D4044124D434AB00EF5682 /* UserEditProfileViewController.xib */ = {isa = PBXFileReference; lastKnownFileType = file.xib; path = UserEditProfileViewController.xib; sourceTree = "<group>"; };
		84D89F4924D1C164006FE47F /* UserPetshopCell.swift */ = {isa = PBXFileReference; lastKnownFileType = sourcecode.swift; path = UserPetshopCell.swift; sourceTree = "<group>"; };
		84D89F4A24D1C164006FE47F /* UserPetshopCell.xib */ = {isa = PBXFileReference; lastKnownFileType = file.xib; path = UserPetshopCell.xib; sourceTree = "<group>"; };
		84EBC41424D110FD00A87111 /* ColorHelper.swift */ = {isa = PBXFileReference; lastKnownFileType = sourcecode.swift; path = ColorHelper.swift; sourceTree = "<group>"; };
		84EBC41924D1131400A87111 /* UserProfileViewController.swift */ = {isa = PBXFileReference; fileEncoding = 4; lastKnownFileType = sourcecode.swift; path = UserProfileViewController.swift; sourceTree = "<group>"; };
		84EBC41C24D1154900A87111 /* UserChatViewController.swift */ = {isa = PBXFileReference; lastKnownFileType = sourcecode.swift; path = UserChatViewController.swift; sourceTree = "<group>"; };
		84EBC41F24D1159600A87111 /* UserPetViewController.swift */ = {isa = PBXFileReference; lastKnownFileType = sourcecode.swift; path = UserPetViewController.swift; sourceTree = "<group>"; };
		84EBC42424D1190800A87111 /* UserHomeStoryboard.storyboard */ = {isa = PBXFileReference; fileEncoding = 4; lastKnownFileType = file.storyboard; path = UserHomeStoryboard.storyboard; sourceTree = "<group>"; };
		84EBC42624D11A3300A87111 /* UserProfileStoryboard.storyboard */ = {isa = PBXFileReference; fileEncoding = 4; lastKnownFileType = file.storyboard; path = UserProfileStoryboard.storyboard; sourceTree = "<group>"; };
		84EBC42824D11B1500A87111 /* UserPetStoryboard.storyboard */ = {isa = PBXFileReference; lastKnownFileType = file.storyboard; path = UserPetStoryboard.storyboard; sourceTree = "<group>"; };
		ADE763299E2D92C1BA7080C3 /* Pods_PenitipanHewanAppTests.framework */ = {isa = PBXFileReference; explicitFileType = wrapper.framework; includeInIndex = 0; path = Pods_PenitipanHewanAppTests.framework; sourceTree = BUILT_PRODUCTS_DIR; };
		E9E36106D1EF9621DEB34EDF /* Pods_PenitipanHewanApp.framework */ = {isa = PBXFileReference; explicitFileType = wrapper.framework; includeInIndex = 0; path = Pods_PenitipanHewanApp.framework; sourceTree = BUILT_PRODUCTS_DIR; };
		F5F33CCF16D3F490CA76197D /* Pods-PenitipanHewanApp.release.xcconfig */ = {isa = PBXFileReference; includeInIndex = 1; lastKnownFileType = text.xcconfig; name = "Pods-PenitipanHewanApp.release.xcconfig"; path = "Target Support Files/Pods-PenitipanHewanApp/Pods-PenitipanHewanApp.release.xcconfig"; sourceTree = "<group>"; };
		F82894CE63D6C4091B8E5958 /* Pods-PenitipanHewanApp.debug.xcconfig */ = {isa = PBXFileReference; includeInIndex = 1; lastKnownFileType = text.xcconfig; name = "Pods-PenitipanHewanApp.debug.xcconfig"; path = "Target Support Files/Pods-PenitipanHewanApp/Pods-PenitipanHewanApp.debug.xcconfig"; sourceTree = "<group>"; };
/* End PBXFileReference section */

/* Begin PBXFrameworksBuildPhase section */
		3FF6AA3A24D00BD70008AD79 /* Frameworks */ = {
			isa = PBXFrameworksBuildPhase;
			buildActionMask = 2147483647;
			files = (
				872651A1A79AB18F75B91FA4 /* Pods_PenitipanHewanApp.framework in Frameworks */,
				843043AC24D1B30D00DCC642 /* SnapKit in Frameworks */,
			);
			runOnlyForDeploymentPostprocessing = 0;
		};
		3FF6AA5324D00BD80008AD79 /* Frameworks */ = {
			isa = PBXFrameworksBuildPhase;
			buildActionMask = 2147483647;
			files = (
				4E91D30C189F5FA10C4E9751 /* Pods_PenitipanHewanAppTests.framework in Frameworks */,
			);
			runOnlyForDeploymentPostprocessing = 0;
		};
/* End PBXFrameworksBuildPhase section */

/* Begin PBXGroup section */
		0DAE9E688E844CB8D292F510 /* Pods */ = {
			isa = PBXGroup;
			children = (
				F82894CE63D6C4091B8E5958 /* Pods-PenitipanHewanApp.debug.xcconfig */,
				F5F33CCF16D3F490CA76197D /* Pods-PenitipanHewanApp.release.xcconfig */,
				6ED2B8B5BF8E05730523FD38 /* Pods-PenitipanHewanAppTests.debug.xcconfig */,
				1E4F22F8592693A5CEA12A6D /* Pods-PenitipanHewanAppTests.release.xcconfig */,
			);
			path = Pods;
			sourceTree = "<group>";
		};
		3F32793A24D3A33000399D3B /* SignUp */ = {
			isa = PBXGroup;
			children = (
				3F32793D24D3A34B00399D3B /* Controller */,
				3F32793C24D3A34800399D3B /* View */,
				3F32793B24D3A33E00399D3B /* Model */,
			);
			path = SignUp;
			sourceTree = "<group>";
		};
		3F32793B24D3A33E00399D3B /* Model */ = {
			isa = PBXGroup;
			children = (
			);
			path = Model;
			sourceTree = "<group>";
		};
		3F32793C24D3A34800399D3B /* View */ = {
			isa = PBXGroup;
			children = (
				3F32793E24D3A36200399D3B /* SignUp.storyboard */,
			);
			path = View;
			sourceTree = "<group>";
		};
		3F32793D24D3A34B00399D3B /* Controller */ = {
			isa = PBXGroup;
			children = (
				3F32794024D3A37A00399D3B /* SignUpViewController.swift */,
			);
			path = Controller;
			sourceTree = "<group>";
		};
		3F8358E624D49E7200DFEDD6 /* Reservation */ = {
			isa = PBXGroup;
			children = (
				3F8358E924D49F9100DFEDD6 /* Cell */,
				3F8358E724D49E9400DFEDD6 /* ReservationViewController.swift */,
				3F8358EC24D4A01E00DFEDD6 /* ExtReservation+TableView.swift */,
			);
			path = Reservation;
			sourceTree = "<group>";
		};
		3F8358E924D49F9100DFEDD6 /* Cell */ = {
			isa = PBXGroup;
			children = (
				3F8358EA24D49FA400DFEDD6 /* ReservationTableViewCell.swift */,
			);
			path = Cell;
			sourceTree = "<group>";
		};
		3FF6AA3424D00BD70008AD79 = {
			isa = PBXGroup;
			children = (
				3FF6AA3F24D00BD70008AD79 /* PenitipanHewanApp */,
				3FF6AA5924D00BD80008AD79 /* PenitipanHewanAppTests */,
				3FF6AA3E24D00BD70008AD79 /* Products */,
				0DAE9E688E844CB8D292F510 /* Pods */,
				415F083997E1E18810C5D587 /* Frameworks */,
			);
			sourceTree = "<group>";
		};
		3FF6AA3E24D00BD70008AD79 /* Products */ = {
			isa = PBXGroup;
			children = (
				3FF6AA3D24D00BD70008AD79 /* PenitipanHewanApp.app */,
				3FF6AA5624D00BD80008AD79 /* PenitipanHewanAppTests.xctest */,
			);
			name = Products;
			sourceTree = "<group>";
		};
		3FF6AA3F24D00BD70008AD79 /* PenitipanHewanApp */ = {
			isa = PBXGroup;
			children = (
				3F8358EE24D4A12F00DFEDD6 /* PenitipanHewanApp.entitlements */,
				3F32793A24D3A33000399D3B /* SignUp */,
				3FF6AA6524D00CF20008AD79 /* Login */,
				3FF6AA6D24D072C90008AD79 /* User */,
				3FF6AA6C24D072C20008AD79 /* Petshop */,
				3FF6AA6924D00F540008AD79 /* Helper */,
				3FF6AA4024D00BD70008AD79 /* AppDelegate.swift */,
				3FF6AA4C24D00BD80008AD79 /* Assets.xcassets */,
				3FF6AA4E24D00BD80008AD79 /* LaunchScreen.storyboard */,
				3FF6AA5124D00BD80008AD79 /* Info.plist */,
				841129EB24D531D5008D151B /* GoogleService-Info.plist */,
				3FF6AA4924D00BD70008AD79 /* PenitipanHewanApp.xcdatamodeld */,
			);
			path = PenitipanHewanApp;
			sourceTree = "<group>";
		};
		3FF6AA5924D00BD80008AD79 /* PenitipanHewanAppTests */ = {
			isa = PBXGroup;
			children = (
				3FF6AA5A24D00BD80008AD79 /* PenitipanHewanAppTests.swift */,
				3FF6AA5C24D00BD80008AD79 /* Info.plist */,
			);
			path = PenitipanHewanAppTests;
			sourceTree = "<group>";
		};
		3FF6AA6524D00CF20008AD79 /* Login */ = {
			isa = PBXGroup;
			children = (
				3FF6AA6824D00D010008AD79 /* Controller */,
				3FF6AA6724D00CFD0008AD79 /* View */,
				3FF6AA6624D00CF80008AD79 /* Model */,
			);
			path = Login;
			sourceTree = "<group>";
		};
		3FF6AA6624D00CF80008AD79 /* Model */ = {
			isa = PBXGroup;
			children = (
				3FF6AA6A24D011670008AD79 /* Login.swift */,
			);
			path = Model;
			sourceTree = "<group>";
		};
		3FF6AA6724D00CFD0008AD79 /* View */ = {
			isa = PBXGroup;
			children = (
				3FF6AA4624D00BD70008AD79 /* Main.storyboard */,
			);
			path = View;
			sourceTree = "<group>";
		};
		3FF6AA6824D00D010008AD79 /* Controller */ = {
			isa = PBXGroup;
			children = (
				3FF6AA4424D00BD70008AD79 /* LoginViewController.swift */,
				845DCD4124D333F700214768 /* FirstStateViewController.swift */,
			);
			path = Controller;
			sourceTree = "<group>";
		};
		3FF6AA6924D00F540008AD79 /* Helper */ = {
			isa = PBXGroup;
			children = (
				3FF6AA7D24D079670008AD79 /* customTabbar.swift */,
				84EBC41424D110FD00A87111 /* ColorHelper.swift */,
				845DCD4324D339D100214768 /* ThreadHelper.swift */,
				845DCD4724D3423000214768 /* UIViewController+Extension.swift */,
				3F32794424D3A92200399D3B /* UIButton+Extension.swift */,
				3F32794624D3AB0900399D3B /* UITextField+Extension.swift */,
				3F32794C24D3C1FB00399D3B /* String+Extension.swift */,
				3FF69E3224D412740037395A /* CommonHelper.swift */,
				844D524B24D491D8003B91B4 /* CommonModel.swift */,
				844D524F24D49571003B91B4 /* CameraLibraryHelper.swift */,
				845952D924D5B1F800840146 /* PickerHelper.swift */,
			);
			path = Helper;
			sourceTree = "<group>";
		};
		3FF6AA6C24D072C20008AD79 /* Petshop */ = {
			isa = PBXGroup;
			children = (
				3FF6AA8324D080930008AD79 /* PetShopTabBarController.swift */,
				847037C424D1E9CB0012269E /* Shop */,
				847037C924D1EA670012269E /* Monitoring */,
				847037D024D1EB100012269E /* Chat */,
				847037D524D1EBA00012269E /* Profile */,
			);
			path = Petshop;
			sourceTree = "<group>";
		};
		3FF6AA6D24D072C90008AD79 /* User */ = {
			isa = PBXGroup;
			children = (
				3FF6AA8124D080850008AD79 /* UserTabBarController.swift */,
				8410A87A24D1098D0010EA19 /* Home */,
				84EBC41E24D1157B00A87111 /* Pet */,
				84EBC41B24D1151800A87111 /* Chat */,
				84EBC41824D1131400A87111 /* Profile */,
			);
			path = User;
			sourceTree = "<group>";
		};
		415F083997E1E18810C5D587 /* Frameworks */ = {
			isa = PBXGroup;
			children = (
				E9E36106D1EF9621DEB34EDF /* Pods_PenitipanHewanApp.framework */,
				ADE763299E2D92C1BA7080C3 /* Pods_PenitipanHewanAppTests.framework */,
			);
			name = Frameworks;
			sourceTree = "<group>";
		};
		8410A87A24D1098D0010EA19 /* Home */ = {
			isa = PBXGroup;
			children = (
				84EBC42424D1190800A87111 /* UserHomeStoryboard.storyboard */,
				8410A87B24D1098D0010EA19 /* UserHomeViewController.swift */,
				843043AD24D1B94100DCC642 /* PetshopList */,
			);
			path = Home;
			sourceTree = "<group>";
		};
		843043AD24D1B94100DCC642 /* PetshopList */ = {
			isa = PBXGroup;
			children = (
				843043B824D1BF6700DCC642 /* PetshopListCell */,
				843043B024D1BA8100DCC642 /* UserPetshopViewController.swift */,
				843043B124D1BA8100DCC642 /* UserPetshopViewController.xib */,
			);
			path = PetshopList;
			sourceTree = "<group>";
		};
		843043B824D1BF6700DCC642 /* PetshopListCell */ = {
			isa = PBXGroup;
			children = (
				84D89F4924D1C164006FE47F /* UserPetshopCell.swift */,
				84D89F4A24D1C164006FE47F /* UserPetshopCell.xib */,
			);
			path = PetshopListCell;
			sourceTree = "<group>";
		};
		84491B0624D471A5009454AE /* PetshopProfile */ = {
			isa = PBXGroup;
			children = (
				84491B0824D471DC009454AE /* Cell */,
				847037D624D1EBD30012269E /* PetshopProfileStoryboard.storyboard */,
				847037D824D1EBDF0012269E /* PetshopProfileViewController.swift */,
				844D524924D48FA6003B91B4 /* PetshopProfilePresenter.swift */,
			);
			path = PetshopProfile;
			sourceTree = "<group>";
		};
		84491B0724D471B9009454AE /* PetShopEditProfile */ = {
			isa = PBXGroup;
			children = (
			);
			path = PetShopEditProfile;
			sourceTree = "<group>";
		};
		84491B0824D471DC009454AE /* Cell */ = {
			isa = PBXGroup;
			children = (
				84491B0924D471E7009454AE /* header */,
				84491B0B24D471FE009454AE /* saldo */,
				84491B0A24D471F2009454AE /* data */,
				84491B0C24D47205009454AE /* password */,
			);
			path = Cell;
			sourceTree = "<group>";
		};
		84491B0924D471E7009454AE /* header */ = {
			isa = PBXGroup;
			children = (
				84491B0D24D47264009454AE /* PetshopHeaderProfileCell.swift */,
				84491B0E24D47264009454AE /* PetshopHeaderProfileCell.xib */,
			);
			path = header;
			sourceTree = "<group>";
		};
		84491B0A24D471F2009454AE /* data */ = {
			isa = PBXGroup;
			children = (
				844D524124D477EC003B91B4 /* PetshopEditProfileCell.swift */,
				844D524224D477EC003B91B4 /* PetshopEditProfileCell.xib */,
			);
			path = data;
			sourceTree = "<group>";
		};
		84491B0B24D471FE009454AE /* saldo */ = {
			isa = PBXGroup;
			children = (
				844D523D24D476AE003B91B4 /* PetshopSaldoProfileCell.swift */,
				844D523E24D476AE003B91B4 /* PetshopSaldoProfileCell.xib */,
			);
			path = saldo;
			sourceTree = "<group>";
		};
		84491B0C24D47205009454AE /* password */ = {
			isa = PBXGroup;
			children = (
				844D524524D47920003B91B4 /* PetshopEditPasswordProfileCell.swift */,
				844D524624D47920003B91B4 /* PetshopEditPasswordProfileCell.xib */,
			);
			path = password;
			sourceTree = "<group>";
		};
		847037C424D1E9CB0012269E /* Shop */ = {
			isa = PBXGroup;
			children = (
				3F8358E624D49E7200DFEDD6 /* Reservation */,
				847037C524D1E9ED0012269E /* ShopViewController.swift */,
				847037C724D1E9FE0012269E /* ShopStoryboard.storyboard */,
			);
			path = Shop;
			sourceTree = "<group>";
		};
		847037C924D1EA670012269E /* Monitoring */ = {
			isa = PBXGroup;
			children = (
				847037CA24D1EA8B0012269E /* PetshopMonitoringViewController.swift */,
				847037CE24D1EACD0012269E /* PetshopMonitoringStoryboard.storyboard */,
			);
			path = Monitoring;
			sourceTree = "<group>";
		};
		847037D024D1EB100012269E /* Chat */ = {
			isa = PBXGroup;
			children = (
				847037D124D1EB260012269E /* PetshopChatStoryboard.storyboard */,
				847037D324D1EB330012269E /* PetshopChatViewController.swift */,
			);
			path = Chat;
			sourceTree = "<group>";
		};
		847037D524D1EBA00012269E /* Profile */ = {
			isa = PBXGroup;
			children = (
				84491B0624D471A5009454AE /* PetshopProfile */,
				84491B0724D471B9009454AE /* PetShopEditProfile */,
			);
			path = Profile;
			sourceTree = "<group>";
		};
		8496112324D41F6900AAD56A /* Cell */ = {
			isa = PBXGroup;
			children = (
				84D4042E24D4264800EF5682 /* header */,
				84D4042F24D4265600EF5682 /* data */,
				84D4043024D4267C00EF5682 /* saldo */,
				84D4043924D42E5300EF5682 /* password */,
			);
			path = Cell;
			sourceTree = "<group>";
		};
		849B4C3024D43B0F00E3560E /* UserAddSaldo */ = {
			isa = PBXGroup;
			children = (
				849B4C3124D43B2A00E3560E /* UserProfileAddSaldoViewController.swift */,
				849B4C3224D43B2A00E3560E /* UserProfileAddSaldoViewController.xib */,
			);
			path = UserAddSaldo;
			sourceTree = "<group>";
		};
		849B4C3924D44F2800E3560E /* UserEditPassword */ = {
			isa = PBXGroup;
			children = (
				849B4C3524D44F2300E3560E /* UserProfilePasswordViewController.swift */,
				849B4C3624D44F2300E3560E /* UserProfilePasswordViewController.xib */,
			);
			path = UserEditPassword;
			sourceTree = "<group>";
		};
		84D4042E24D4264800EF5682 /* header */ = {
			isa = PBXGroup;
			children = (
				8496112424D41FBD00AAD56A /* UserProfileHeaderCell.swift */,
				8496112524D41FBD00AAD56A /* UserProfileHeaderCell.xib */,
			);
			path = header;
			sourceTree = "<group>";
		};
		84D4042F24D4265600EF5682 /* data */ = {
			isa = PBXGroup;
			children = (
				84D4043124D426BB00EF5682 /* UserProfileEditDataCell.swift */,
				84D4043224D426BB00EF5682 /* UserProfileEditDataCell.xib */,
			);
			path = data;
			sourceTree = "<group>";
		};
		84D4043024D4267C00EF5682 /* saldo */ = {
			isa = PBXGroup;
			children = (
				84D4043524D42C2900EF5682 /* UserProfileSaldoCell.swift */,
				84D4043624D42C2900EF5682 /* UserProfileSaldoCell.xib */,
			);
			path = saldo;
			sourceTree = "<group>";
		};
		84D4043924D42E5300EF5682 /* password */ = {
			isa = PBXGroup;
			children = (
				84D4043A24D42E6900EF5682 /* UserProfilePasswordCell.swift */,
				84D4043B24D42E6900EF5682 /* UserProfilePasswordCell.xib */,
			);
			path = password;
			sourceTree = "<group>";
		};
		84D4043E24D4344D00EF5682 /* UserProfile */ = {
			isa = PBXGroup;
			children = (
				8496112324D41F6900AAD56A /* Cell */,
				84EBC42624D11A3300A87111 /* UserProfileStoryboard.storyboard */,
				84EBC41924D1131400A87111 /* UserProfileViewController.swift */,
				845952DB24D5CB9300840146 /* UserProfilePresenter.swift */,
			);
			path = UserProfile;
			sourceTree = "<group>";
		};
		84D4043F24D4347A00EF5682 /* UserEditProfile */ = {
			isa = PBXGroup;
			children = (
				84D4044024D434AB00EF5682 /* UserEditProfileViewController.swift */,
				84D4044124D434AB00EF5682 /* UserEditProfileViewController.xib */,
			);
			path = UserEditProfile;
			sourceTree = "<group>";
		};
		84EBC41824D1131400A87111 /* Profile */ = {
			isa = PBXGroup;
			children = (
				84D4043E24D4344D00EF5682 /* UserProfile */,
				84D4043F24D4347A00EF5682 /* UserEditProfile */,
				849B4C3024D43B0F00E3560E /* UserAddSaldo */,
				849B4C3924D44F2800E3560E /* UserEditPassword */,
			);
			name = Profile;
			path = PenitipanHewanApp/User/Profile;
			sourceTree = SOURCE_ROOT;
		};
		84EBC41B24D1151800A87111 /* Chat */ = {
			isa = PBXGroup;
			children = (
				84EBC41C24D1154900A87111 /* UserChatViewController.swift */,
			);
			path = Chat;
			sourceTree = "<group>";
		};
		84EBC41E24D1157B00A87111 /* Pet */ = {
			isa = PBXGroup;
			children = (
				84EBC41F24D1159600A87111 /* UserPetViewController.swift */,
				84EBC42824D11B1500A87111 /* UserPetStoryboard.storyboard */,
			);
			path = Pet;
			sourceTree = "<group>";
		};
/* End PBXGroup section */

/* Begin PBXNativeTarget section */
		3FF6AA3C24D00BD70008AD79 /* PenitipanHewanApp */ = {
			isa = PBXNativeTarget;
			buildConfigurationList = 3FF6AA5F24D00BD80008AD79 /* Build configuration list for PBXNativeTarget "PenitipanHewanApp" */;
			buildPhases = (
				C115E4A2C5A9E5D7B5D7C70A /* [CP] Check Pods Manifest.lock */,
				3FF6AA3924D00BD70008AD79 /* Sources */,
				3FF6AA3A24D00BD70008AD79 /* Frameworks */,
				3FF6AA3B24D00BD70008AD79 /* Resources */,
				19C3A90719E2EA9EFD7D2651 /* [CP] Embed Pods Frameworks */,
			);
			buildRules = (
			);
			dependencies = (
			);
			name = PenitipanHewanApp;
			packageProductDependencies = (
				843043AB24D1B30D00DCC642 /* SnapKit */,
			);
			productName = PenitipanHewanApp;
			productReference = 3FF6AA3D24D00BD70008AD79 /* PenitipanHewanApp.app */;
			productType = "com.apple.product-type.application";
		};
		3FF6AA5524D00BD80008AD79 /* PenitipanHewanAppTests */ = {
			isa = PBXNativeTarget;
			buildConfigurationList = 3FF6AA6224D00BD80008AD79 /* Build configuration list for PBXNativeTarget "PenitipanHewanAppTests" */;
			buildPhases = (
				911940C3C913C3E79342BD59 /* [CP] Check Pods Manifest.lock */,
				3FF6AA5224D00BD80008AD79 /* Sources */,
				3FF6AA5324D00BD80008AD79 /* Frameworks */,
				3FF6AA5424D00BD80008AD79 /* Resources */,
			);
			buildRules = (
			);
			dependencies = (
				3FF6AA5824D00BD80008AD79 /* PBXTargetDependency */,
			);
			name = PenitipanHewanAppTests;
			productName = PenitipanHewanAppTests;
			productReference = 3FF6AA5624D00BD80008AD79 /* PenitipanHewanAppTests.xctest */;
			productType = "com.apple.product-type.bundle.unit-test";
		};
/* End PBXNativeTarget section */

/* Begin PBXProject section */
		3FF6AA3524D00BD70008AD79 /* Project object */ = {
			isa = PBXProject;
			attributes = {
				LastSwiftUpdateCheck = 1160;
				LastUpgradeCheck = 1160;
				ORGANIZATIONNAME = JOJA;
				TargetAttributes = {
					3FF6AA3C24D00BD70008AD79 = {
						CreatedOnToolsVersion = 11.6;
					};
					3FF6AA5524D00BD80008AD79 = {
						CreatedOnToolsVersion = 11.6;
						TestTargetID = 3FF6AA3C24D00BD70008AD79;
					};
				};
			};
			buildConfigurationList = 3FF6AA3824D00BD70008AD79 /* Build configuration list for PBXProject "PenitipanHewanApp" */;
			compatibilityVersion = "Xcode 9.3";
			developmentRegion = en;
			hasScannedForEncodings = 0;
			knownRegions = (
				en,
				Base,
			);
			mainGroup = 3FF6AA3424D00BD70008AD79;
			packageReferences = (
				843043AA24D1B30D00DCC642 /* XCRemoteSwiftPackageReference "SnapKit" */,
			);
			productRefGroup = 3FF6AA3E24D00BD70008AD79 /* Products */;
			projectDirPath = "";
			projectRoot = "";
			targets = (
				3FF6AA3C24D00BD70008AD79 /* PenitipanHewanApp */,
				3FF6AA5524D00BD80008AD79 /* PenitipanHewanAppTests */,
			);
		};
/* End PBXProject section */

/* Begin PBXResourcesBuildPhase section */
		3FF6AA3B24D00BD70008AD79 /* Resources */ = {
			isa = PBXResourcesBuildPhase;
			buildActionMask = 2147483647;
			files = (
				844D524024D476AE003B91B4 /* PetshopSaldoProfileCell.xib in Resources */,
				84EBC42524D1190800A87111 /* UserHomeStoryboard.storyboard in Resources */,
				841129EC24D531D5008D151B /* GoogleService-Info.plist in Resources */,
				3FF6AA5024D00BD80008AD79 /* LaunchScreen.storyboard in Resources */,
				84EBC42724D11A3300A87111 /* UserProfileStoryboard.storyboard in Resources */,
				847037CF24D1EACD0012269E /* PetshopMonitoringStoryboard.storyboard in Resources */,
				84D89F4C24D1C164006FE47F /* UserPetshopCell.xib in Resources */,
				3FF6AA4D24D00BD80008AD79 /* Assets.xcassets in Resources */,
				84D4044324D434AB00EF5682 /* UserEditProfileViewController.xib in Resources */,
				847037C824D1E9FE0012269E /* ShopStoryboard.storyboard in Resources */,
				849B4C3824D44F2300E3560E /* UserProfilePasswordViewController.xib in Resources */,
				84EBC42924D11B1500A87111 /* UserPetStoryboard.storyboard in Resources */,
				3FF6AA4824D00BD70008AD79 /* Main.storyboard in Resources */,
				84D4043824D42C2900EF5682 /* UserProfileSaldoCell.xib in Resources */,
				844D524424D477EC003B91B4 /* PetshopEditProfileCell.xib in Resources */,
				84D4043D24D42E6900EF5682 /* UserProfilePasswordCell.xib in Resources */,
				3F32793F24D3A36200399D3B /* SignUp.storyboard in Resources */,
				844D524824D47920003B91B4 /* PetshopEditPasswordProfileCell.xib in Resources */,
				847037D724D1EBD30012269E /* PetshopProfileStoryboard.storyboard in Resources */,
				84D4043424D426BB00EF5682 /* UserProfileEditDataCell.xib in Resources */,
				8496112724D41FBD00AAD56A /* UserProfileHeaderCell.xib in Resources */,
				84491B1024D47264009454AE /* PetshopHeaderProfileCell.xib in Resources */,
				849B4C3424D43B2A00E3560E /* UserProfileAddSaldoViewController.xib in Resources */,
				847037D224D1EB260012269E /* PetshopChatStoryboard.storyboard in Resources */,
				843043B324D1BA8100DCC642 /* UserPetshopViewController.xib in Resources */,
			);
			runOnlyForDeploymentPostprocessing = 0;
		};
		3FF6AA5424D00BD80008AD79 /* Resources */ = {
			isa = PBXResourcesBuildPhase;
			buildActionMask = 2147483647;
			files = (
			);
			runOnlyForDeploymentPostprocessing = 0;
		};
/* End PBXResourcesBuildPhase section */

/* Begin PBXShellScriptBuildPhase section */
		19C3A90719E2EA9EFD7D2651 /* [CP] Embed Pods Frameworks */ = {
			isa = PBXShellScriptBuildPhase;
			buildActionMask = 2147483647;
			files = (
			);
			inputFileListPaths = (
				"${PODS_ROOT}/Target Support Files/Pods-PenitipanHewanApp/Pods-PenitipanHewanApp-frameworks-${CONFIGURATION}-input-files.xcfilelist",
			);
			name = "[CP] Embed Pods Frameworks";
			outputFileListPaths = (
				"${PODS_ROOT}/Target Support Files/Pods-PenitipanHewanApp/Pods-PenitipanHewanApp-frameworks-${CONFIGURATION}-output-files.xcfilelist",
			);
			runOnlyForDeploymentPostprocessing = 0;
			shellPath = /bin/sh;
			shellScript = "\"${PODS_ROOT}/Target Support Files/Pods-PenitipanHewanApp/Pods-PenitipanHewanApp-frameworks.sh\"\n";
			showEnvVarsInLog = 0;
		};
		911940C3C913C3E79342BD59 /* [CP] Check Pods Manifest.lock */ = {
			isa = PBXShellScriptBuildPhase;
			buildActionMask = 2147483647;
			files = (
			);
			inputFileListPaths = (
			);
			inputPaths = (
				"${PODS_PODFILE_DIR_PATH}/Podfile.lock",
				"${PODS_ROOT}/Manifest.lock",
			);
			name = "[CP] Check Pods Manifest.lock";
			outputFileListPaths = (
			);
			outputPaths = (
				"$(DERIVED_FILE_DIR)/Pods-PenitipanHewanAppTests-checkManifestLockResult.txt",
			);
			runOnlyForDeploymentPostprocessing = 0;
			shellPath = /bin/sh;
			shellScript = "diff \"${PODS_PODFILE_DIR_PATH}/Podfile.lock\" \"${PODS_ROOT}/Manifest.lock\" > /dev/null\nif [ $? != 0 ] ; then\n    # print error to STDERR\n    echo \"error: The sandbox is not in sync with the Podfile.lock. Run 'pod install' or update your CocoaPods installation.\" >&2\n    exit 1\nfi\n# This output is used by Xcode 'outputs' to avoid re-running this script phase.\necho \"SUCCESS\" > \"${SCRIPT_OUTPUT_FILE_0}\"\n";
			showEnvVarsInLog = 0;
		};
		C115E4A2C5A9E5D7B5D7C70A /* [CP] Check Pods Manifest.lock */ = {
			isa = PBXShellScriptBuildPhase;
			buildActionMask = 2147483647;
			files = (
			);
			inputFileListPaths = (
			);
			inputPaths = (
				"${PODS_PODFILE_DIR_PATH}/Podfile.lock",
				"${PODS_ROOT}/Manifest.lock",
			);
			name = "[CP] Check Pods Manifest.lock";
			outputFileListPaths = (
			);
			outputPaths = (
				"$(DERIVED_FILE_DIR)/Pods-PenitipanHewanApp-checkManifestLockResult.txt",
			);
			runOnlyForDeploymentPostprocessing = 0;
			shellPath = /bin/sh;
			shellScript = "diff \"${PODS_PODFILE_DIR_PATH}/Podfile.lock\" \"${PODS_ROOT}/Manifest.lock\" > /dev/null\nif [ $? != 0 ] ; then\n    # print error to STDERR\n    echo \"error: The sandbox is not in sync with the Podfile.lock. Run 'pod install' or update your CocoaPods installation.\" >&2\n    exit 1\nfi\n# This output is used by Xcode 'outputs' to avoid re-running this script phase.\necho \"SUCCESS\" > \"${SCRIPT_OUTPUT_FILE_0}\"\n";
			showEnvVarsInLog = 0;
		};
/* End PBXShellScriptBuildPhase section */

/* Begin PBXSourcesBuildPhase section */
		3FF6AA3924D00BD70008AD79 /* Sources */ = {
			isa = PBXSourcesBuildPhase;
			buildActionMask = 2147483647;
			files = (
				3F32794124D3A37A00399D3B /* SignUpViewController.swift in Sources */,
				3FF6AA8424D080930008AD79 /* PetShopTabBarController.swift in Sources */,
				84EBC42024D1159600A87111 /* UserPetViewController.swift in Sources */,
				84D4044224D434AB00EF5682 /* UserEditProfileViewController.swift in Sources */,
				847037C624D1E9ED0012269E /* ShopViewController.swift in Sources */,
				84EBC41A24D1131400A87111 /* UserProfileViewController.swift in Sources */,
				849B4C3724D44F2300E3560E /* UserProfilePasswordViewController.swift in Sources */,
				84EBC41D24D1154900A87111 /* UserChatViewController.swift in Sources */,
				845DCD4424D339D100214768 /* ThreadHelper.swift in Sources */,
				84D89F4B24D1C164006FE47F /* UserPetshopCell.swift in Sources */,
				3F8358ED24D4A01E00DFEDD6 /* ExtReservation+TableView.swift in Sources */,
				3FF6AA4524D00BD70008AD79 /* LoginViewController.swift in Sources */,
				845DCD4224D333F700214768 /* FirstStateViewController.swift in Sources */,
				3FF6AA4124D00BD70008AD79 /* AppDelegate.swift in Sources */,
				8496112624D41FBD00AAD56A /* UserProfileHeaderCell.swift in Sources */,
				844D524C24D491D8003B91B4 /* CommonModel.swift in Sources */,
				844D524724D47920003B91B4 /* PetshopEditPasswordProfileCell.swift in Sources */,
				849B4C3324D43B2A00E3560E /* UserProfileAddSaldoViewController.swift in Sources */,
				3F32794D24D3C1FB00399D3B /* String+Extension.swift in Sources */,
				847037CB24D1EA8B0012269E /* PetshopMonitoringViewController.swift in Sources */,
				844D524324D477EC003B91B4 /* PetshopEditProfileCell.swift in Sources */,
				3FF6AA4B24D00BD70008AD79 /* PenitipanHewanApp.xcdatamodeld in Sources */,
				844D524A24D48FA6003B91B4 /* PetshopProfilePresenter.swift in Sources */,
				844D525024D49571003B91B4 /* CameraLibraryHelper.swift in Sources */,
				84491B0F24D47264009454AE /* PetshopHeaderProfileCell.swift in Sources */,
				84EBC41524D110FD00A87111 /* ColorHelper.swift in Sources */,
				3FF6AA8224D080850008AD79 /* UserTabBarController.swift in Sources */,
				843043B224D1BA8100DCC642 /* UserPetshopViewController.swift in Sources */,
				3FF6AA6B24D011670008AD79 /* Login.swift in Sources */,
				847037D924D1EBDF0012269E /* PetshopProfileViewController.swift in Sources */,
				8410A87C24D1098D0010EA19 /* UserHomeViewController.swift in Sources */,
				845952DC24D5CB9300840146 /* UserProfilePresenter.swift in Sources */,
				845952DA24D5B1F800840146 /* PickerHelper.swift in Sources */,
				3FF69E3324D412740037395A /* CommonHelper.swift in Sources */,
				845DCD4824D3423000214768 /* UIViewController+Extension.swift in Sources */,
				3FF6AA7E24D079670008AD79 /* customTabbar.swift in Sources */,
				84D4043324D426BB00EF5682 /* UserProfileEditDataCell.swift in Sources */,
				3F8358EB24D49FA400DFEDD6 /* ReservationTableViewCell.swift in Sources */,
				84D4043724D42C2900EF5682 /* UserProfileSaldoCell.swift in Sources */,
				844D523F24D476AE003B91B4 /* PetshopSaldoProfileCell.swift in Sources */,
				3F32794724D3AB0900399D3B /* UITextField+Extension.swift in Sources */,
				3F32794524D3A92200399D3B /* UIButton+Extension.swift in Sources */,
				847037D424D1EB330012269E /* PetshopChatViewController.swift in Sources */,
				84D4043C24D42E6900EF5682 /* UserProfilePasswordCell.swift in Sources */,
				3F8358E824D49E9400DFEDD6 /* ReservationViewController.swift in Sources */,
			);
			runOnlyForDeploymentPostprocessing = 0;
		};
		3FF6AA5224D00BD80008AD79 /* Sources */ = {
			isa = PBXSourcesBuildPhase;
			buildActionMask = 2147483647;
			files = (
				3FF6AA5B24D00BD80008AD79 /* PenitipanHewanAppTests.swift in Sources */,
			);
			runOnlyForDeploymentPostprocessing = 0;
		};
/* End PBXSourcesBuildPhase section */

/* Begin PBXTargetDependency section */
		3FF6AA5824D00BD80008AD79 /* PBXTargetDependency */ = {
			isa = PBXTargetDependency;
			target = 3FF6AA3C24D00BD70008AD79 /* PenitipanHewanApp */;
			targetProxy = 3FF6AA5724D00BD80008AD79 /* PBXContainerItemProxy */;
		};
/* End PBXTargetDependency section */

/* Begin PBXVariantGroup section */
		3FF6AA4624D00BD70008AD79 /* Main.storyboard */ = {
			isa = PBXVariantGroup;
			children = (
				3FF6AA4724D00BD70008AD79 /* Base */,
			);
			name = Main.storyboard;
			sourceTree = "<group>";
		};
		3FF6AA4E24D00BD80008AD79 /* LaunchScreen.storyboard */ = {
			isa = PBXVariantGroup;
			children = (
				3FF6AA4F24D00BD80008AD79 /* Base */,
			);
			name = LaunchScreen.storyboard;
			sourceTree = "<group>";
		};
/* End PBXVariantGroup section */

/* Begin XCBuildConfiguration section */
		3FF6AA5D24D00BD80008AD79 /* Debug */ = {
			isa = XCBuildConfiguration;
			buildSettings = {
				ALWAYS_SEARCH_USER_PATHS = NO;
				CLANG_ANALYZER_NONNULL = YES;
				CLANG_ANALYZER_NUMBER_OBJECT_CONVERSION = YES_AGGRESSIVE;
				CLANG_CXX_LANGUAGE_STANDARD = "gnu++14";
				CLANG_CXX_LIBRARY = "libc++";
				CLANG_ENABLE_MODULES = YES;
				CLANG_ENABLE_OBJC_ARC = YES;
				CLANG_ENABLE_OBJC_WEAK = YES;
				CLANG_WARN_BLOCK_CAPTURE_AUTORELEASING = YES;
				CLANG_WARN_BOOL_CONVERSION = YES;
				CLANG_WARN_COMMA = YES;
				CLANG_WARN_CONSTANT_CONVERSION = YES;
				CLANG_WARN_DEPRECATED_OBJC_IMPLEMENTATIONS = YES;
				CLANG_WARN_DIRECT_OBJC_ISA_USAGE = YES_ERROR;
				CLANG_WARN_DOCUMENTATION_COMMENTS = YES;
				CLANG_WARN_EMPTY_BODY = YES;
				CLANG_WARN_ENUM_CONVERSION = YES;
				CLANG_WARN_INFINITE_RECURSION = YES;
				CLANG_WARN_INT_CONVERSION = YES;
				CLANG_WARN_NON_LITERAL_NULL_CONVERSION = YES;
				CLANG_WARN_OBJC_IMPLICIT_RETAIN_SELF = YES;
				CLANG_WARN_OBJC_LITERAL_CONVERSION = YES;
				CLANG_WARN_OBJC_ROOT_CLASS = YES_ERROR;
				CLANG_WARN_RANGE_LOOP_ANALYSIS = YES;
				CLANG_WARN_STRICT_PROTOTYPES = YES;
				CLANG_WARN_SUSPICIOUS_MOVE = YES;
				CLANG_WARN_UNGUARDED_AVAILABILITY = YES_AGGRESSIVE;
				CLANG_WARN_UNREACHABLE_CODE = YES;
				CLANG_WARN__DUPLICATE_METHOD_MATCH = YES;
				COPY_PHASE_STRIP = NO;
				DEBUG_INFORMATION_FORMAT = dwarf;
				ENABLE_STRICT_OBJC_MSGSEND = YES;
				ENABLE_TESTABILITY = YES;
				GCC_C_LANGUAGE_STANDARD = gnu11;
				GCC_DYNAMIC_NO_PIC = NO;
				GCC_NO_COMMON_BLOCKS = YES;
				GCC_OPTIMIZATION_LEVEL = 0;
				GCC_PREPROCESSOR_DEFINITIONS = (
					"DEBUG=1",
					"$(inherited)",
				);
				GCC_WARN_64_TO_32_BIT_CONVERSION = YES;
				GCC_WARN_ABOUT_RETURN_TYPE = YES_ERROR;
				GCC_WARN_UNDECLARED_SELECTOR = YES;
				GCC_WARN_UNINITIALIZED_AUTOS = YES_AGGRESSIVE;
				GCC_WARN_UNUSED_FUNCTION = YES;
				GCC_WARN_UNUSED_VARIABLE = YES;
				IPHONEOS_DEPLOYMENT_TARGET = 13.6;
				MTL_ENABLE_DEBUG_INFO = INCLUDE_SOURCE;
				MTL_FAST_MATH = YES;
				ONLY_ACTIVE_ARCH = YES;
				SDKROOT = iphoneos;
				SWIFT_ACTIVE_COMPILATION_CONDITIONS = DEBUG;
				SWIFT_OPTIMIZATION_LEVEL = "-Onone";
			};
			name = Debug;
		};
		3FF6AA5E24D00BD80008AD79 /* Release */ = {
			isa = XCBuildConfiguration;
			buildSettings = {
				ALWAYS_SEARCH_USER_PATHS = NO;
				CLANG_ANALYZER_NONNULL = YES;
				CLANG_ANALYZER_NUMBER_OBJECT_CONVERSION = YES_AGGRESSIVE;
				CLANG_CXX_LANGUAGE_STANDARD = "gnu++14";
				CLANG_CXX_LIBRARY = "libc++";
				CLANG_ENABLE_MODULES = YES;
				CLANG_ENABLE_OBJC_ARC = YES;
				CLANG_ENABLE_OBJC_WEAK = YES;
				CLANG_WARN_BLOCK_CAPTURE_AUTORELEASING = YES;
				CLANG_WARN_BOOL_CONVERSION = YES;
				CLANG_WARN_COMMA = YES;
				CLANG_WARN_CONSTANT_CONVERSION = YES;
				CLANG_WARN_DEPRECATED_OBJC_IMPLEMENTATIONS = YES;
				CLANG_WARN_DIRECT_OBJC_ISA_USAGE = YES_ERROR;
				CLANG_WARN_DOCUMENTATION_COMMENTS = YES;
				CLANG_WARN_EMPTY_BODY = YES;
				CLANG_WARN_ENUM_CONVERSION = YES;
				CLANG_WARN_INFINITE_RECURSION = YES;
				CLANG_WARN_INT_CONVERSION = YES;
				CLANG_WARN_NON_LITERAL_NULL_CONVERSION = YES;
				CLANG_WARN_OBJC_IMPLICIT_RETAIN_SELF = YES;
				CLANG_WARN_OBJC_LITERAL_CONVERSION = YES;
				CLANG_WARN_OBJC_ROOT_CLASS = YES_ERROR;
				CLANG_WARN_RANGE_LOOP_ANALYSIS = YES;
				CLANG_WARN_STRICT_PROTOTYPES = YES;
				CLANG_WARN_SUSPICIOUS_MOVE = YES;
				CLANG_WARN_UNGUARDED_AVAILABILITY = YES_AGGRESSIVE;
				CLANG_WARN_UNREACHABLE_CODE = YES;
				CLANG_WARN__DUPLICATE_METHOD_MATCH = YES;
				COPY_PHASE_STRIP = NO;
				DEBUG_INFORMATION_FORMAT = "dwarf-with-dsym";
				ENABLE_NS_ASSERTIONS = NO;
				ENABLE_STRICT_OBJC_MSGSEND = YES;
				GCC_C_LANGUAGE_STANDARD = gnu11;
				GCC_NO_COMMON_BLOCKS = YES;
				GCC_WARN_64_TO_32_BIT_CONVERSION = YES;
				GCC_WARN_ABOUT_RETURN_TYPE = YES_ERROR;
				GCC_WARN_UNDECLARED_SELECTOR = YES;
				GCC_WARN_UNINITIALIZED_AUTOS = YES_AGGRESSIVE;
				GCC_WARN_UNUSED_FUNCTION = YES;
				GCC_WARN_UNUSED_VARIABLE = YES;
				IPHONEOS_DEPLOYMENT_TARGET = 13.6;
				MTL_ENABLE_DEBUG_INFO = NO;
				MTL_FAST_MATH = YES;
				SDKROOT = iphoneos;
				SWIFT_COMPILATION_MODE = wholemodule;
				SWIFT_OPTIMIZATION_LEVEL = "-O";
				VALIDATE_PRODUCT = YES;
			};
			name = Release;
		};
		3FF6AA6024D00BD80008AD79 /* Debug */ = {
			isa = XCBuildConfiguration;
			baseConfigurationReference = F82894CE63D6C4091B8E5958 /* Pods-PenitipanHewanApp.debug.xcconfig */;
			buildSettings = {
				ASSETCATALOG_COMPILER_APPICON_NAME = AppIcon;
				CODE_SIGN_ENTITLEMENTS = PenitipanHewanApp/PenitipanHewanApp.entitlements;
				CODE_SIGN_STYLE = Automatic;
				DEVELOPMENT_TEAM = KQ9ZL98F4V;
				INFOPLIST_FILE = PenitipanHewanApp/Info.plist;
				IPHONEOS_DEPLOYMENT_TARGET = 11.0;
				LD_RUNPATH_SEARCH_PATHS = (
					"$(inherited)",
					"@executable_path/Frameworks",
				);
				PRODUCT_BUNDLE_IDENTIFIER = com.PenitipanHewanApp.rynetta;
				PRODUCT_NAME = "$(TARGET_NAME)";
				SWIFT_VERSION = 5.0;
				TARGETED_DEVICE_FAMILY = "1,2";
			};
			name = Debug;
		};
		3FF6AA6124D00BD80008AD79 /* Release */ = {
			isa = XCBuildConfiguration;
			baseConfigurationReference = F5F33CCF16D3F490CA76197D /* Pods-PenitipanHewanApp.release.xcconfig */;
			buildSettings = {
				ASSETCATALOG_COMPILER_APPICON_NAME = AppIcon;
				CODE_SIGN_ENTITLEMENTS = PenitipanHewanApp/PenitipanHewanApp.entitlements;
				CODE_SIGN_STYLE = Automatic;
				DEVELOPMENT_TEAM = KQ9ZL98F4V;
				INFOPLIST_FILE = PenitipanHewanApp/Info.plist;
				IPHONEOS_DEPLOYMENT_TARGET = 11.0;
				LD_RUNPATH_SEARCH_PATHS = (
					"$(inherited)",
					"@executable_path/Frameworks",
				);
				PRODUCT_BUNDLE_IDENTIFIER = com.PenitipanHewanApp.rynetta;
				PRODUCT_NAME = "$(TARGET_NAME)";
				SWIFT_VERSION = 5.0;
				TARGETED_DEVICE_FAMILY = "1,2";
			};
			name = Release;
		};
		3FF6AA6324D00BD80008AD79 /* Debug */ = {
			isa = XCBuildConfiguration;
			baseConfigurationReference = 6ED2B8B5BF8E05730523FD38 /* Pods-PenitipanHewanAppTests.debug.xcconfig */;
			buildSettings = {
				ALWAYS_EMBED_SWIFT_STANDARD_LIBRARIES = YES;
				BUNDLE_LOADER = "$(TEST_HOST)";
				CODE_SIGN_STYLE = Automatic;
				DEVELOPMENT_TEAM = NU4W6FYSJZ;
				INFOPLIST_FILE = PenitipanHewanAppTests/Info.plist;
				IPHONEOS_DEPLOYMENT_TARGET = 13.6;
				LD_RUNPATH_SEARCH_PATHS = (
					"$(inherited)",
					"@executable_path/Frameworks",
					"@loader_path/Frameworks",
				);
				PRODUCT_BUNDLE_IDENTIFIER = JOJA.PenitipanHewanAppTests;
				PRODUCT_NAME = "$(TARGET_NAME)";
				SWIFT_VERSION = 5.0;
				TARGETED_DEVICE_FAMILY = "1,2";
				TEST_HOST = "$(BUILT_PRODUCTS_DIR)/PenitipanHewanApp.app/PenitipanHewanApp";
			};
			name = Debug;
		};
		3FF6AA6424D00BD80008AD79 /* Release */ = {
			isa = XCBuildConfiguration;
			baseConfigurationReference = 1E4F22F8592693A5CEA12A6D /* Pods-PenitipanHewanAppTests.release.xcconfig */;
			buildSettings = {
				ALWAYS_EMBED_SWIFT_STANDARD_LIBRARIES = YES;
				BUNDLE_LOADER = "$(TEST_HOST)";
				CODE_SIGN_STYLE = Automatic;
				DEVELOPMENT_TEAM = NU4W6FYSJZ;
				INFOPLIST_FILE = PenitipanHewanAppTests/Info.plist;
				IPHONEOS_DEPLOYMENT_TARGET = 13.6;
				LD_RUNPATH_SEARCH_PATHS = (
					"$(inherited)",
					"@executable_path/Frameworks",
					"@loader_path/Frameworks",
				);
				PRODUCT_BUNDLE_IDENTIFIER = JOJA.PenitipanHewanAppTests;
				PRODUCT_NAME = "$(TARGET_NAME)";
				SWIFT_VERSION = 5.0;
				TARGETED_DEVICE_FAMILY = "1,2";
				TEST_HOST = "$(BUILT_PRODUCTS_DIR)/PenitipanHewanApp.app/PenitipanHewanApp";
			};
			name = Release;
		};
/* End XCBuildConfiguration section */

/* Begin XCConfigurationList section */
		3FF6AA3824D00BD70008AD79 /* Build configuration list for PBXProject "PenitipanHewanApp" */ = {
			isa = XCConfigurationList;
			buildConfigurations = (
				3FF6AA5D24D00BD80008AD79 /* Debug */,
				3FF6AA5E24D00BD80008AD79 /* Release */,
			);
			defaultConfigurationIsVisible = 0;
			defaultConfigurationName = Release;
		};
		3FF6AA5F24D00BD80008AD79 /* Build configuration list for PBXNativeTarget "PenitipanHewanApp" */ = {
			isa = XCConfigurationList;
			buildConfigurations = (
				3FF6AA6024D00BD80008AD79 /* Debug */,
				3FF6AA6124D00BD80008AD79 /* Release */,
			);
			defaultConfigurationIsVisible = 0;
			defaultConfigurationName = Release;
		};
		3FF6AA6224D00BD80008AD79 /* Build configuration list for PBXNativeTarget "PenitipanHewanAppTests" */ = {
			isa = XCConfigurationList;
			buildConfigurations = (
				3FF6AA6324D00BD80008AD79 /* Debug */,
				3FF6AA6424D00BD80008AD79 /* Release */,
			);
			defaultConfigurationIsVisible = 0;
			defaultConfigurationName = Release;
		};
/* End XCConfigurationList section */

/* Begin XCRemoteSwiftPackageReference section */
		843043AA24D1B30D00DCC642 /* XCRemoteSwiftPackageReference "SnapKit" */ = {
			isa = XCRemoteSwiftPackageReference;
			repositoryURL = "https://github.com/SnapKit/SnapKit";
			requirement = {
				kind = upToNextMajorVersion;
				minimumVersion = 5.0.1;
			};
		};
/* End XCRemoteSwiftPackageReference section */

/* Begin XCSwiftPackageProductDependency section */
		843043AB24D1B30D00DCC642 /* SnapKit */ = {
			isa = XCSwiftPackageProductDependency;
			package = 843043AA24D1B30D00DCC642 /* XCRemoteSwiftPackageReference "SnapKit" */;
			productName = SnapKit;
		};
/* End XCSwiftPackageProductDependency section */

/* Begin XCVersionGroup section */
		3FF6AA4924D00BD70008AD79 /* PenitipanHewanApp.xcdatamodeld */ = {
			isa = XCVersionGroup;
			children = (
				3FF6AA4A24D00BD70008AD79 /* PenitipanHewanApp.xcdatamodel */,
			);
			currentVersion = 3FF6AA4A24D00BD70008AD79 /* PenitipanHewanApp.xcdatamodel */;
			path = PenitipanHewanApp.xcdatamodeld;
			sourceTree = "<group>";
			versionGroupType = wrapper.xcdatamodel;
		};
/* End XCVersionGroup section */
	};
	rootObject = 3FF6AA3524D00BD70008AD79 /* Project object */;
}
